// !$*UTF8*$!
{
	archiveVersion = 1;
	classes = {
	};
	objectVersion = 46;
	objects = {

/* Begin PBXBuildFile section */
		00E356F31AD99517003FC87E /* calcloanTests.m in Sources */ = {isa = PBXBuildFile; fileRef = 00E356F21AD99517003FC87E /* calcloanTests.m */; };
		13B07FBC1A68108700A75B9A /* AppDelegate.m in Sources */ = {isa = PBXBuildFile; fileRef = 13B07FB01A68108700A75B9A /* AppDelegate.m */; };
		13B07FBF1A68108700A75B9A /* Images.xcassets in Resources */ = {isa = PBXBuildFile; fileRef = 13B07FB51A68108700A75B9A /* Images.xcassets */; };
		13B07FC11A68108700A75B9A /* main.m in Sources */ = {isa = PBXBuildFile; fileRef = 13B07FB71A68108700A75B9A /* main.m */; };
		2D02E4BC1E0B4A80006451C7 /* AppDelegate.m in Sources */ = {isa = PBXBuildFile; fileRef = 13B07FB01A68108700A75B9A /* AppDelegate.m */; };
		2D02E4BD1E0B4A84006451C7 /* Images.xcassets in Resources */ = {isa = PBXBuildFile; fileRef = 13B07FB51A68108700A75B9A /* Images.xcassets */; };
		2D02E4BF1E0B4AB3006451C7 /* main.m in Sources */ = {isa = PBXBuildFile; fileRef = 13B07FB71A68108700A75B9A /* main.m */; };
		2DCD954D1E0B4F2C00145EB5 /* calcloanTests.m in Sources */ = {isa = PBXBuildFile; fileRef = 00E356F21AD99517003FC87E /* calcloanTests.m */; };
		45D5E4188FC321B03D16B6A5 /* libPods-calcloan-tvOSTests.a in Frameworks */ = {isa = PBXBuildFile; fileRef = 2A4D74CDEE4A12304F390DBF /* libPods-calcloan-tvOSTests.a */; };
		50AB029825F49EBB0058D089 /* File.swift in Sources */ = {isa = PBXBuildFile; fileRef = 50AB029725F49EBB0058D089 /* File.swift */; };
		81AB9BB82411601600AC10FF /* LaunchScreen.storyboard in Resources */ = {isa = PBXBuildFile; fileRef = 81AB9BB72411601600AC10FF /* LaunchScreen.storyboard */; };
		9DCE5C2FA1CE69C75C16B935 /* libPods-calcloan-calcloanTests.a in Frameworks */ = {isa = PBXBuildFile; fileRef = A15DA827A92B5591AD992E2A /* libPods-calcloan-calcloanTests.a */; };
		CBBB24F469EA74BB78BA58E3 /* libPods-calcloan-tvOS.a in Frameworks */ = {isa = PBXBuildFile; fileRef = 21A91D256FF1775D95DAC4FF /* libPods-calcloan-tvOS.a */; };
		E5DDE813E3884AD8A78E73ED /* libPods-calcloan.a in Frameworks */ = {isa = PBXBuildFile; fileRef = 7E53C9D605BCA6B2511AD652 /* libPods-calcloan.a */; };
		D1186C32795B486498A42982 /* AR-Almarai-Font.ttf in Resources */ = {isa = PBXBuildFile; fileRef = 0899C9694DDB4426B55E7243 /* AR-Almarai-Font.ttf */; };
		0A017A01E0CC4043BD80E989 /* AR-BBC-Regular.ttf in Resources */ = {isa = PBXBuildFile; fileRef = C89180B7031C40C5BF2C507B /* AR-BBC-Regular.ttf */; };
		1790AD57241A4A6C872E11C9 /* Actor-Regular.ttf in Resources */ = {isa = PBXBuildFile; fileRef = 9C53D7513FA0426DBA175ADD /* Actor-Regular.ttf */; };
		19EDF6AE3AA9469D86E8460D /* AlMohanad.ttf in Resources */ = {isa = PBXBuildFile; fileRef = B544A3CFCD814D05B4183802 /* AlMohanad.ttf */; };
		41585E750884460AB19A75BE /* Almarai-Bold.ttf in Resources */ = {isa = PBXBuildFile; fileRef = A1AE376BF2324569AAAFED4A /* Almarai-Bold.ttf */; };
		C8975FF9A56F49598A94DFD1 /* Almarai-ExtraBold.ttf in Resources */ = {isa = PBXBuildFile; fileRef = E8816EC1E3074D328DB71536 /* Almarai-ExtraBold.ttf */; };
		63837596347F44D882FA5A75 /* Almarai-Light.ttf in Resources */ = {isa = PBXBuildFile; fileRef = 714C338F7FBF4B4886456DD4 /* Almarai-Light.ttf */; };
		92D746E2983549898835C1A5 /* Almarai-Regular.ttf in Resources */ = {isa = PBXBuildFile; fileRef = 8880F233BC834F92BBE5D71B /* Almarai-Regular.ttf */; };
		FB82DCC9D0A549208CA67BCC /* Ar-Ith.ttf in Resources */ = {isa = PBXBuildFile; fileRef = F871CAD922B54593B0ACB1ED /* Ar-Ith.ttf */; };
		F0FF682500C1477CA5ABCB0C /* ArchivoNarrow-Bold.ttf in Resources */ = {isa = PBXBuildFile; fileRef = 649935A07162455389C5ED22 /* ArchivoNarrow-Bold.ttf */; };
		4A57E42836594C8086151082 /* ArchivoNarrow-BoldItalic.ttf in Resources */ = {isa = PBXBuildFile; fileRef = EE8C60EF837A4CCE9A87507F /* ArchivoNarrow-BoldItalic.ttf */; };
		1EE0356375E74F188CA3C78C /* ArchivoNarrow-Italic.ttf in Resources */ = {isa = PBXBuildFile; fileRef = 613EEF9D27B4485A8CEB141E /* ArchivoNarrow-Italic.ttf */; };
		474F564417C8435D965F41BC /* ArchivoNarrow-Medium.ttf in Resources */ = {isa = PBXBuildFile; fileRef = C7E799B8A3D944CEADFEF612 /* ArchivoNarrow-Medium.ttf */; };
		63C3400E8EDF4247B3D640BF /* ArchivoNarrow-MediumItalic.ttf in Resources */ = {isa = PBXBuildFile; fileRef = 706190EA665745A6B106F371 /* ArchivoNarrow-MediumItalic.ttf */; };
		F9A83E8A4C0242B7BD4780A5 /* ArchivoNarrow-Regular.ttf in Resources */ = {isa = PBXBuildFile; fileRef = A51BD221E328489B8C801E04 /* ArchivoNarrow-Regular.ttf */; };
		38C652518B2341B0BCF33734 /* ArchivoNarrow-SemiBold.ttf in Resources */ = {isa = PBXBuildFile; fileRef = 1F7573328AAA4D6BB77EDB29 /* ArchivoNarrow-SemiBold.ttf */; };
		0D4854D5CF5449BE9D962ED4 /* ArchivoNarrow-SemiBoldItalic.ttf in Resources */ = {isa = PBXBuildFile; fileRef = 18267D4A63254555ABE30DBA /* ArchivoNarrow-SemiBoldItalic.ttf */; };
		1D15E0BFA76A4A63B395B321 /* Bein-Black.ttf in Resources */ = {isa = PBXBuildFile; fileRef = 9267A779DC8C4982A7E6C62E /* Bein-Black.ttf */; };
		14A8F746F75842959D893B53 /* Bein-Normal.ttf in Resources */ = {isa = PBXBuildFile; fileRef = 4FE73DAF68E74A138696DF31 /* Bein-Normal.ttf */; };
		B92B2D8D36EC4A4A919E17F6 /* Cairo-Black.ttf in Resources */ = {isa = PBXBuildFile; fileRef = 3A27AD6CF2F94F2A9B441BCB /* Cairo-Black.ttf */; };
		538E70376C574D25950A1046 /* Cairo-Bold.ttf in Resources */ = {isa = PBXBuildFile; fileRef = A1F72568F2964B91B4DF3109 /* Cairo-Bold.ttf */; };
		4D7FC2291F2A4194A6EDBA46 /* Cairo_Black.ttf in Resources */ = {isa = PBXBuildFile; fileRef = 5991F1A1604D4B1982533BC1 /* Cairo_Black.ttf */; };
		8657C3FC6CEC4B75AF3C2BA4 /* Cairo_Semi_Bold.ttf in Resources */ = {isa = PBXBuildFile; fileRef = 688D9E4BB47E4F26944468AC /* Cairo_Semi_Bold.ttf */; };
		A759E25856444461865A574D /* Changa-Bold.ttf in Resources */ = {isa = PBXBuildFile; fileRef = DFF90EB1DC644AC89985EB42 /* Changa-Bold.ttf */; };
		C88FB4C3F61849ADB6591274 /* Changa-ExtraBold.ttf in Resources */ = {isa = PBXBuildFile; fileRef = 5B3794F29EEF475C8549A875 /* Changa-ExtraBold.ttf */; };
		5C80384834694BE88357FD58 /* Changa-ExtraLight.ttf in Resources */ = {isa = PBXBuildFile; fileRef = E032791609234736BACB853D /* Changa-ExtraLight.ttf */; };
		6BD70DCF7AE941EA963D35E8 /* Changa-Light.ttf in Resources */ = {isa = PBXBuildFile; fileRef = 95FAA3D47F5647FD9C55706C /* Changa-Light.ttf */; };
		60534AB60A794A19A3E581E8 /* Changa-Medium.ttf in Resources */ = {isa = PBXBuildFile; fileRef = 9791A46A04EE42A796A5BEBB /* Changa-Medium.ttf */; };
		58B13BF80092487AB6F30CE3 /* Changa-Regular.ttf in Resources */ = {isa = PBXBuildFile; fileRef = D376F0D8E23B40BABD295563 /* Changa-Regular.ttf */; };
		FD97D27D1E8E408FAC0F2ED9 /* Changa-SemiBold.ttf in Resources */ = {isa = PBXBuildFile; fileRef = 603A02B9050A470A83CF3B16 /* Changa-SemiBold.ttf */; };
		1DD559237F5945E0A6B6F5A7 /* Comfortaa-Bold.ttf in Resources */ = {isa = PBXBuildFile; fileRef = B115D090E0FF4176A6D78A46 /* Comfortaa-Bold.ttf */; };
		1DCC39B8931E47E2B42F2980 /* Comfortaa-Light.ttf in Resources */ = {isa = PBXBuildFile; fileRef = 4098A516951849869FBD7CB5 /* Comfortaa-Light.ttf */; };
		4236C6D7010B4C14BD257CA4 /* Comfortaa-Medium.ttf in Resources */ = {isa = PBXBuildFile; fileRef = 6157AFCEA6D9448781306E16 /* Comfortaa-Medium.ttf */; };
		0E7721BA5CCA4AA5ADCCC98F /* Comfortaa-Regular.ttf in Resources */ = {isa = PBXBuildFile; fileRef = 464803148524447A9CD4DEF4 /* Comfortaa-Regular.ttf */; };
		58A4011723034A92AFA61431 /* Comfortaa-SemiBold.ttf in Resources */ = {isa = PBXBuildFile; fileRef = DE1AFC8CEF54429B8CF405DE /* Comfortaa-SemiBold.ttf */; };
		1459F7F57F0542D8ADAA6F38 /* Sst-Arabicbold.ttf in Resources */ = {isa = PBXBuildFile; fileRef = 86396C8451ED455AB4981F95 /* Sst-Arabicbold.ttf */; };
		D561468E80B54645948C6B98 /* Tajawal-Black.ttf in Resources */ = {isa = PBXBuildFile; fileRef = F06BA7A71C8640B5951079BD /* Tajawal-Black.ttf */; };
		1051A416A15F492681BBF722 /* Tajawal-Bold.ttf in Resources */ = {isa = PBXBuildFile; fileRef = 9F5B614028C24704B81FB31A /* Tajawal-Bold.ttf */; };
		0AE7717DDCA348C4AE4BD016 /* Tajawal-ExtraBold.ttf in Resources */ = {isa = PBXBuildFile; fileRef = 3E7C68C85CCE4DB9843DA277 /* Tajawal-ExtraBold.ttf */; };
		5FF046F3674545759CDFCB9F /* Tajawal-ExtraLight.ttf in Resources */ = {isa = PBXBuildFile; fileRef = 437663CE95374D4CB2BEEF3F /* Tajawal-ExtraLight.ttf */; };
		F678FE0A098A41CB84985D1F /* Tajawal-Light.ttf in Resources */ = {isa = PBXBuildFile; fileRef = 8756DEBEDA4F4C0DA7FCE1F2 /* Tajawal-Light.ttf */; };
		830C8F7DC1C5472C89755815 /* Tajawal-Medium.ttf in Resources */ = {isa = PBXBuildFile; fileRef = 32308FDFAA5E4704959A4008 /* Tajawal-Medium.ttf */; };
		C8B393FEA47C4459B903D8B4 /* Tajawal-Regular.ttf in Resources */ = {isa = PBXBuildFile; fileRef = 4E13953969254D1F92FF6A3B /* Tajawal-Regular.ttf */; };
		279CDFA1D4974507AB8378D9 /* Varela-Regular.ttf in Resources */ = {isa = PBXBuildFile; fileRef = A241025B387149DFB8ADEB3C /* Varela-Regular.ttf */; };
		381450EEDA884C3AA25E51F5 /* cairo.ttf in Resources */ = {isa = PBXBuildFile; fileRef = 8ABBDC2D2FD44CCEB9F47763 /* cairo.ttf */; };
		2AA309A989E640FA95B7EC1B /* 9squares-AlBoardman.json in Resources */ = {isa = PBXBuildFile; fileRef = E1641302F59C4E178C225C66 /* 9squares-AlBoardman.json */; };
		99012A7513B545FD9C1056BF /* HamburgerArrow.json in Resources */ = {isa = PBXBuildFile; fileRef = 411D2C008F854D93AC418ACA /* HamburgerArrow.json */; };
		7CD0A9EE57CF4BE28BB75145 /* LineAnimation.json in Resources */ = {isa = PBXBuildFile; fileRef = 13F3A6705AEB4BD5830CA2AB /* LineAnimation.json */; };
		FC4A5A8D4C0241FDB4B665BC /* LottieLogo1.json in Resources */ = {isa = PBXBuildFile; fileRef = 75977349FE3142D0B26A3300 /* LottieLogo1.json */; };
		6D5C2B27595946868EB9B171 /* LottieLogo2.json in Resources */ = {isa = PBXBuildFile; fileRef = 8D8D3C826C304DD7A3908EAB /* LottieLogo2.json */; };
		F6C7B8B7AE19493A8F0A1A62 /* LottieWalkthrough.json in Resources */ = {isa = PBXBuildFile; fileRef = 14432DBDA8A44AEB93B4262C /* LottieWalkthrough.json */; };
		3265E1CF89D54001A98AE5FC /* MotionCorpse-Jrcanest.json in Resources */ = {isa = PBXBuildFile; fileRef = 14F3E372150F47BE8D745258 /* MotionCorpse-Jrcanest.json */; };
		BD7E41BB802B45B3A3291180 /* PinJump.json in Resources */ = {isa = PBXBuildFile; fileRef = 6A807D2AAEB8484FB2CD3E1D /* PinJump.json */; };
		157FE8E4A3424F4AB118794D /* TwitterHeart.json in Resources */ = {isa = PBXBuildFile; fileRef = 14F4BE90F7CB44EE994B8AEA /* TwitterHeart.json */; };
		3564C2537ACA4CB0AEFFFA17 /* Watermelon.json in Resources */ = {isa = PBXBuildFile; fileRef = 8F6B3A1526394698A209129D /* Watermelon.json */; };
		DDE7243ABFA14026A5F22997 /* car.json in Resources */ = {isa = PBXBuildFile; fileRef = FECFF8A390FC43519D8A44CB /* car.json */; };
		ADB8030FFB9D4C839E1916F2 /* cart.json in Resources */ = {isa = PBXBuildFile; fileRef = FF1DF5FF87384E7EB1FEF06E /* cart.json */; };
		F40403584DD74B69AD82AC1D /* circle-animation.json in Resources */ = {isa = PBXBuildFile; fileRef = C12A651888024A68A4EAAE3B /* circle-animation.json */; };
		63474E8495A0461C93AF381E /* circle-loading-animation.json in Resources */ = {isa = PBXBuildFile; fileRef = 49DE3778891B421C9DF3F28C /* circle-loading-animation.json */; };
		21B3AA017A4244B8B7C7B360 /* empty_cart.json in Resources */ = {isa = PBXBuildFile; fileRef = 86147E89143C48EAA5E01CA8 /* empty_cart.json */; };
		BA8193B7DF6343BEB7C7DC24 /* empty_shape.json in Resources */ = {isa = PBXBuildFile; fileRef = 6D34BE397ABD4043AC3D4942 /* empty_shape.json */; };
		20DCB56725D944FA95F71301 /* expo_loading.json in Resources */ = {isa = PBXBuildFile; fileRef = 944CA30ED15345C68BC8A456 /* expo_loading.json */; };
		C0D57263D88144AAB38F11FC /* offline.json in Resources */ = {isa = PBXBuildFile; fileRef = 6F43B34807404231BF897F59 /* offline.json */; };
		26DE7F583D0C4C5397301C77 /* brands.png in Resources */ = {isa = PBXBuildFile; fileRef = BAB26E623DC94015BC00C1BD /* brands.png */; };
		85080D2814B049AD927216C5 /* home.png in Resources */ = {isa = PBXBuildFile; fileRef = 90D4E2BE869942F5BA529F08 /* home.png */; };
		2B5667B08B20421B87D48270 /* info.png in Resources */ = {isa = PBXBuildFile; fileRef = 9D7D31F11CEF48A9934E01A8 /* info.png */; };
		8DE60BE9E7A04B3B99A34F42 /* user.png in Resources */ = {isa = PBXBuildFile; fileRef = 266FDBD70F1549B489281FDD /* user.png */; };
		537DBD1904CD48CA9C6C1F1A /* bgblue.png in Resources */ = {isa = PBXBuildFile; fileRef = 863FC9BBDD6B420CBD1F2F27 /* bgblue.png */; };
		5591532B7FCA46A59C7CFC0C /* bggray.png in Resources */ = {isa = PBXBuildFile; fileRef = 2B59129F778C45A8AF30DEBC /* bggray.png */; };
		DF785DE68ECA4062A2154148 /* loading.gif in Resources */ = {isa = PBXBuildFile; fileRef = AE73B57695A641FAB08470F4 /* loading.gif */; };
		6C8B0907AC2742AA8272CB1C /* loading_sm.gif in Resources */ = {isa = PBXBuildFile; fileRef = 2AC14479B13C4209A163CCAE /* loading_sm.gif */; };
		AEDAE45DE9F44A41B75FD4C8 /* pin.png in Resources */ = {isa = PBXBuildFile; fileRef = 6F0E38D257C0472190A90788 /* pin.png */; };
		3457A5C34CC442B484721A6E /* pin_old.png in Resources */ = {isa = PBXBuildFile; fileRef = 63AA289F2D7E42A3BCF86E8A /* pin_old.png */; };
		6AFA0B0007F24358A08CC7EF /* whiteBg.png in Resources */ = {isa = PBXBuildFile; fileRef = 3BBF6DDDA9F44687B671E9F3 /* whiteBg.png */; };
/* End PBXBuildFile section */

/* Begin PBXContainerItemProxy section */
		00E356F41AD99517003FC87E /* PBXContainerItemProxy */ = {
			isa = PBXContainerItemProxy;
			containerPortal = 83CBB9F71A601CBA00E9B192 /* Project object */;
			proxyType = 1;
			remoteGlobalIDString = 13B07F861A680F5B00A75B9A;
			remoteInfo = calcloan;
		};
		2D02E4911E0B4A5D006451C7 /* PBXContainerItemProxy */ = {
			isa = PBXContainerItemProxy;
			containerPortal = 83CBB9F71A601CBA00E9B192 /* Project object */;
			proxyType = 1;
			remoteGlobalIDString = 2D02E47A1E0B4A5D006451C7;
			remoteInfo = "calcloan-tvOS";
		};
/* End PBXContainerItemProxy section */

/* Begin PBXFileReference section */
		008F07F21AC5B25A0029DE68 /* main.jsbundle */ = {isa = PBXFileReference; fileEncoding = 4; lastKnownFileType = text; path = main.jsbundle; sourceTree = "<group>"; };
		00E356EE1AD99517003FC87E /* calcloanTests.xctest */ = {isa = PBXFileReference; explicitFileType = wrapper.cfbundle; includeInIndex = 0; path = calcloanTests.xctest; sourceTree = BUILT_PRODUCTS_DIR; };
		00E356F11AD99517003FC87E /* Info.plist */ = {isa = PBXFileReference; lastKnownFileType = text.plist.xml; path = Info.plist; sourceTree = "<group>"; };
		00E356F21AD99517003FC87E /* calcloanTests.m */ = {isa = PBXFileReference; lastKnownFileType = sourcecode.c.objc; path = calcloanTests.m; sourceTree = "<group>"; };
		033ED8BFE5BA8ADC93DE19C1 /* Pods-calcloan-tvOS.debug.xcconfig */ = {isa = PBXFileReference; includeInIndex = 1; lastKnownFileType = text.xcconfig; name = "Pods-calcloan-tvOS.debug.xcconfig"; path = "Target Support Files/Pods-calcloan-tvOS/Pods-calcloan-tvOS.debug.xcconfig"; sourceTree = "<group>"; };
		13B07F961A680F5B00A75B9A /* calcloan.app */ = {isa = PBXFileReference; explicitFileType = wrapper.application; includeInIndex = 0; path = calcloan.app; sourceTree = BUILT_PRODUCTS_DIR; };
		13B07FAF1A68108700A75B9A /* AppDelegate.h */ = {isa = PBXFileReference; fileEncoding = 4; lastKnownFileType = sourcecode.c.h; name = AppDelegate.h; path = calcloan/AppDelegate.h; sourceTree = "<group>"; };
		13B07FB01A68108700A75B9A /* AppDelegate.m */ = {isa = PBXFileReference; fileEncoding = 4; lastKnownFileType = sourcecode.c.objc; name = AppDelegate.m; path = calcloan/AppDelegate.m; sourceTree = "<group>"; };
		13B07FB51A68108700A75B9A /* Images.xcassets */ = {isa = PBXFileReference; lastKnownFileType = folder.assetcatalog; name = Images.xcassets; path = calcloan/Images.xcassets; sourceTree = "<group>"; };
		13B07FB61A68108700A75B9A /* Info.plist */ = {isa = PBXFileReference; fileEncoding = 4; lastKnownFileType = text.plist.xml; name = Info.plist; path = calcloan/Info.plist; sourceTree = "<group>"; };
		13B07FB71A68108700A75B9A /* main.m */ = {isa = PBXFileReference; fileEncoding = 4; lastKnownFileType = sourcecode.c.objc; name = main.m; path = calcloan/main.m; sourceTree = "<group>"; };
		21A91D256FF1775D95DAC4FF /* libPods-calcloan-tvOS.a */ = {isa = PBXFileReference; explicitFileType = archive.ar; includeInIndex = 0; path = "libPods-calcloan-tvOS.a"; sourceTree = BUILT_PRODUCTS_DIR; };
		2A4D74CDEE4A12304F390DBF /* libPods-calcloan-tvOSTests.a */ = {isa = PBXFileReference; explicitFileType = archive.ar; includeInIndex = 0; path = "libPods-calcloan-tvOSTests.a"; sourceTree = BUILT_PRODUCTS_DIR; };
		2D02E47B1E0B4A5D006451C7 /* calcloan-tvOS.app */ = {isa = PBXFileReference; explicitFileType = wrapper.application; includeInIndex = 0; path = "calcloan-tvOS.app"; sourceTree = BUILT_PRODUCTS_DIR; };
		2D02E4901E0B4A5D006451C7 /* calcloan-tvOSTests.xctest */ = {isa = PBXFileReference; explicitFileType = wrapper.cfbundle; includeInIndex = 0; path = "calcloan-tvOSTests.xctest"; sourceTree = BUILT_PRODUCTS_DIR; };
		301C9C8EC730E1ABB8663B39 /* Pods-calcloan-tvOS.release.xcconfig */ = {isa = PBXFileReference; includeInIndex = 1; lastKnownFileType = text.xcconfig; name = "Pods-calcloan-tvOS.release.xcconfig"; path = "Target Support Files/Pods-calcloan-tvOS/Pods-calcloan-tvOS.release.xcconfig"; sourceTree = "<group>"; };
		3433CAE4BBC8723BDA139E76 /* Pods-calcloan.debug.xcconfig */ = {isa = PBXFileReference; includeInIndex = 1; lastKnownFileType = text.xcconfig; name = "Pods-calcloan.debug.xcconfig"; path = "Target Support Files/Pods-calcloan/Pods-calcloan.debug.xcconfig"; sourceTree = "<group>"; };
		4F7F688BF26DD6ED9D87EEF8 /* Pods-calcloan-calcloanTests.release.xcconfig */ = {isa = PBXFileReference; includeInIndex = 1; lastKnownFileType = text.xcconfig; name = "Pods-calcloan-calcloanTests.release.xcconfig"; path = "Target Support Files/Pods-calcloan-calcloanTests/Pods-calcloan-calcloanTests.release.xcconfig"; sourceTree = "<group>"; };
		50AB029625F49EBA0058D089 /* calcloan-Bridging-Header.h */ = {isa = PBXFileReference; lastKnownFileType = sourcecode.c.h; path = "calcloan-Bridging-Header.h"; sourceTree = "<group>"; };
		50AB029725F49EBB0058D089 /* File.swift */ = {isa = PBXFileReference; lastKnownFileType = sourcecode.swift; path = File.swift; sourceTree = "<group>"; };
		5E393B45183194C032FFB394 /* Pods-calcloan-calcloanTests.debug.xcconfig */ = {isa = PBXFileReference; includeInIndex = 1; lastKnownFileType = text.xcconfig; name = "Pods-calcloan-calcloanTests.debug.xcconfig"; path = "Target Support Files/Pods-calcloan-calcloanTests/Pods-calcloan-calcloanTests.debug.xcconfig"; sourceTree = "<group>"; };
		6CFECE45D6C1E98C639C38E5 /* Pods-calcloan-tvOSTests.debug.xcconfig */ = {isa = PBXFileReference; includeInIndex = 1; lastKnownFileType = text.xcconfig; name = "Pods-calcloan-tvOSTests.debug.xcconfig"; path = "Target Support Files/Pods-calcloan-tvOSTests/Pods-calcloan-tvOSTests.debug.xcconfig"; sourceTree = "<group>"; };
		7E53C9D605BCA6B2511AD652 /* libPods-calcloan.a */ = {isa = PBXFileReference; explicitFileType = archive.ar; includeInIndex = 0; path = "libPods-calcloan.a"; sourceTree = BUILT_PRODUCTS_DIR; };
		81AB9BB72411601600AC10FF /* LaunchScreen.storyboard */ = {isa = PBXFileReference; fileEncoding = 4; lastKnownFileType = file.storyboard; name = LaunchScreen.storyboard; path = calcloan/LaunchScreen.storyboard; sourceTree = "<group>"; };
		9A5D6825D2F989DACF3101AF /* Pods-calcloan-tvOSTests.release.xcconfig */ = {isa = PBXFileReference; includeInIndex = 1; lastKnownFileType = text.xcconfig; name = "Pods-calcloan-tvOSTests.release.xcconfig"; path = "Target Support Files/Pods-calcloan-tvOSTests/Pods-calcloan-tvOSTests.release.xcconfig"; sourceTree = "<group>"; };
		9BEAC07FCD877B52F4ADEB27 /* Pods-calcloan.release.xcconfig */ = {isa = PBXFileReference; includeInIndex = 1; lastKnownFileType = text.xcconfig; name = "Pods-calcloan.release.xcconfig"; path = "Target Support Files/Pods-calcloan/Pods-calcloan.release.xcconfig"; sourceTree = "<group>"; };
		A15DA827A92B5591AD992E2A /* libPods-calcloan-calcloanTests.a */ = {isa = PBXFileReference; explicitFileType = archive.ar; includeInIndex = 0; path = "libPods-calcloan-calcloanTests.a"; sourceTree = BUILT_PRODUCTS_DIR; };
		ED297162215061F000B7C4FE /* JavaScriptCore.framework */ = {isa = PBXFileReference; lastKnownFileType = wrapper.framework; name = JavaScriptCore.framework; path = System/Library/Frameworks/JavaScriptCore.framework; sourceTree = SDKROOT; };
		ED2971642150620600B7C4FE /* JavaScriptCore.framework */ = {isa = PBXFileReference; lastKnownFileType = wrapper.framework; name = JavaScriptCore.framework; path = Platforms/AppleTVOS.platform/Developer/SDKs/AppleTVOS12.0.sdk/System/Library/Frameworks/JavaScriptCore.framework; sourceTree = DEVELOPER_DIR; };
		0899C9694DDB4426B55E7243 /* AR-Almarai-Font.ttf */ = {isa = PBXFileReference; name = "AR-Almarai-Font.ttf"; path = "../assets/fonts/AR-Almarai-Font.ttf"; sourceTree = "<group>"; fileEncoding = undefined; lastKnownFileType = unknown; explicitFileType = undefined; includeInIndex = 0; };
		C89180B7031C40C5BF2C507B /* AR-BBC-Regular.ttf */ = {isa = PBXFileReference; name = "AR-BBC-Regular.ttf"; path = "../assets/fonts/AR-BBC-Regular.ttf"; sourceTree = "<group>"; fileEncoding = undefined; lastKnownFileType = unknown; explicitFileType = undefined; includeInIndex = 0; };
		9C53D7513FA0426DBA175ADD /* Actor-Regular.ttf */ = {isa = PBXFileReference; name = "Actor-Regular.ttf"; path = "../assets/fonts/Actor-Regular.ttf"; sourceTree = "<group>"; fileEncoding = undefined; lastKnownFileType = unknown; explicitFileType = undefined; includeInIndex = 0; };
		B544A3CFCD814D05B4183802 /* AlMohanad.ttf */ = {isa = PBXFileReference; name = "AlMohanad.ttf"; path = "../assets/fonts/AlMohanad.ttf"; sourceTree = "<group>"; fileEncoding = undefined; lastKnownFileType = unknown; explicitFileType = undefined; includeInIndex = 0; };
		A1AE376BF2324569AAAFED4A /* Almarai-Bold.ttf */ = {isa = PBXFileReference; name = "Almarai-Bold.ttf"; path = "../assets/fonts/Almarai-Bold.ttf"; sourceTree = "<group>"; fileEncoding = undefined; lastKnownFileType = unknown; explicitFileType = undefined; includeInIndex = 0; };
		E8816EC1E3074D328DB71536 /* Almarai-ExtraBold.ttf */ = {isa = PBXFileReference; name = "Almarai-ExtraBold.ttf"; path = "../assets/fonts/Almarai-ExtraBold.ttf"; sourceTree = "<group>"; fileEncoding = undefined; lastKnownFileType = unknown; explicitFileType = undefined; includeInIndex = 0; };
		714C338F7FBF4B4886456DD4 /* Almarai-Light.ttf */ = {isa = PBXFileReference; name = "Almarai-Light.ttf"; path = "../assets/fonts/Almarai-Light.ttf"; sourceTree = "<group>"; fileEncoding = undefined; lastKnownFileType = unknown; explicitFileType = undefined; includeInIndex = 0; };
		8880F233BC834F92BBE5D71B /* Almarai-Regular.ttf */ = {isa = PBXFileReference; name = "Almarai-Regular.ttf"; path = "../assets/fonts/Almarai-Regular.ttf"; sourceTree = "<group>"; fileEncoding = undefined; lastKnownFileType = unknown; explicitFileType = undefined; includeInIndex = 0; };
		F871CAD922B54593B0ACB1ED /* Ar-Ith.ttf */ = {isa = PBXFileReference; name = "Ar-Ith.ttf"; path = "../assets/fonts/Ar-Ith.ttf"; sourceTree = "<group>"; fileEncoding = undefined; lastKnownFileType = unknown; explicitFileType = undefined; includeInIndex = 0; };
		649935A07162455389C5ED22 /* ArchivoNarrow-Bold.ttf */ = {isa = PBXFileReference; name = "ArchivoNarrow-Bold.ttf"; path = "../assets/fonts/ArchivoNarrow-Bold.ttf"; sourceTree = "<group>"; fileEncoding = undefined; lastKnownFileType = unknown; explicitFileType = undefined; includeInIndex = 0; };
		EE8C60EF837A4CCE9A87507F /* ArchivoNarrow-BoldItalic.ttf */ = {isa = PBXFileReference; name = "ArchivoNarrow-BoldItalic.ttf"; path = "../assets/fonts/ArchivoNarrow-BoldItalic.ttf"; sourceTree = "<group>"; fileEncoding = undefined; lastKnownFileType = unknown; explicitFileType = undefined; includeInIndex = 0; };
		613EEF9D27B4485A8CEB141E /* ArchivoNarrow-Italic.ttf */ = {isa = PBXFileReference; name = "ArchivoNarrow-Italic.ttf"; path = "../assets/fonts/ArchivoNarrow-Italic.ttf"; sourceTree = "<group>"; fileEncoding = undefined; lastKnownFileType = unknown; explicitFileType = undefined; includeInIndex = 0; };
		C7E799B8A3D944CEADFEF612 /* ArchivoNarrow-Medium.ttf */ = {isa = PBXFileReference; name = "ArchivoNarrow-Medium.ttf"; path = "../assets/fonts/ArchivoNarrow-Medium.ttf"; sourceTree = "<group>"; fileEncoding = undefined; lastKnownFileType = unknown; explicitFileType = undefined; includeInIndex = 0; };
		706190EA665745A6B106F371 /* ArchivoNarrow-MediumItalic.ttf */ = {isa = PBXFileReference; name = "ArchivoNarrow-MediumItalic.ttf"; path = "../assets/fonts/ArchivoNarrow-MediumItalic.ttf"; sourceTree = "<group>"; fileEncoding = undefined; lastKnownFileType = unknown; explicitFileType = undefined; includeInIndex = 0; };
		A51BD221E328489B8C801E04 /* ArchivoNarrow-Regular.ttf */ = {isa = PBXFileReference; name = "ArchivoNarrow-Regular.ttf"; path = "../assets/fonts/ArchivoNarrow-Regular.ttf"; sourceTree = "<group>"; fileEncoding = undefined; lastKnownFileType = unknown; explicitFileType = undefined; includeInIndex = 0; };
		1F7573328AAA4D6BB77EDB29 /* ArchivoNarrow-SemiBold.ttf */ = {isa = PBXFileReference; name = "ArchivoNarrow-SemiBold.ttf"; path = "../assets/fonts/ArchivoNarrow-SemiBold.ttf"; sourceTree = "<group>"; fileEncoding = undefined; lastKnownFileType = unknown; explicitFileType = undefined; includeInIndex = 0; };
		18267D4A63254555ABE30DBA /* ArchivoNarrow-SemiBoldItalic.ttf */ = {isa = PBXFileReference; name = "ArchivoNarrow-SemiBoldItalic.ttf"; path = "../assets/fonts/ArchivoNarrow-SemiBoldItalic.ttf"; sourceTree = "<group>"; fileEncoding = undefined; lastKnownFileType = unknown; explicitFileType = undefined; includeInIndex = 0; };
		9267A779DC8C4982A7E6C62E /* Bein-Black.ttf */ = {isa = PBXFileReference; name = "Bein-Black.ttf"; path = "../assets/fonts/Bein-Black.ttf"; sourceTree = "<group>"; fileEncoding = undefined; lastKnownFileType = unknown; explicitFileType = undefined; includeInIndex = 0; };
		4FE73DAF68E74A138696DF31 /* Bein-Normal.ttf */ = {isa = PBXFileReference; name = "Bein-Normal.ttf"; path = "../assets/fonts/Bein-Normal.ttf"; sourceTree = "<group>"; fileEncoding = undefined; lastKnownFileType = unknown; explicitFileType = undefined; includeInIndex = 0; };
		3A27AD6CF2F94F2A9B441BCB /* Cairo-Black.ttf */ = {isa = PBXFileReference; name = "Cairo-Black.ttf"; path = "../assets/fonts/Cairo-Black.ttf"; sourceTree = "<group>"; fileEncoding = undefined; lastKnownFileType = unknown; explicitFileType = undefined; includeInIndex = 0; };
		A1F72568F2964B91B4DF3109 /* Cairo-Bold.ttf */ = {isa = PBXFileReference; name = "Cairo-Bold.ttf"; path = "../assets/fonts/Cairo-Bold.ttf"; sourceTree = "<group>"; fileEncoding = undefined; lastKnownFileType = unknown; explicitFileType = undefined; includeInIndex = 0; };
		5991F1A1604D4B1982533BC1 /* Cairo_Black.ttf */ = {isa = PBXFileReference; name = "Cairo_Black.ttf"; path = "../assets/fonts/Cairo_Black.ttf"; sourceTree = "<group>"; fileEncoding = undefined; lastKnownFileType = unknown; explicitFileType = undefined; includeInIndex = 0; };
		688D9E4BB47E4F26944468AC /* Cairo_Semi_Bold.ttf */ = {isa = PBXFileReference; name = "Cairo_Semi_Bold.ttf"; path = "../assets/fonts/Cairo_Semi_Bold.ttf"; sourceTree = "<group>"; fileEncoding = undefined; lastKnownFileType = unknown; explicitFileType = undefined; includeInIndex = 0; };
		DFF90EB1DC644AC89985EB42 /* Changa-Bold.ttf */ = {isa = PBXFileReference; name = "Changa-Bold.ttf"; path = "../assets/fonts/Changa-Bold.ttf"; sourceTree = "<group>"; fileEncoding = undefined; lastKnownFileType = unknown; explicitFileType = undefined; includeInIndex = 0; };
		5B3794F29EEF475C8549A875 /* Changa-ExtraBold.ttf */ = {isa = PBXFileReference; name = "Changa-ExtraBold.ttf"; path = "../assets/fonts/Changa-ExtraBold.ttf"; sourceTree = "<group>"; fileEncoding = undefined; lastKnownFileType = unknown; explicitFileType = undefined; includeInIndex = 0; };
		E032791609234736BACB853D /* Changa-ExtraLight.ttf */ = {isa = PBXFileReference; name = "Changa-ExtraLight.ttf"; path = "../assets/fonts/Changa-ExtraLight.ttf"; sourceTree = "<group>"; fileEncoding = undefined; lastKnownFileType = unknown; explicitFileType = undefined; includeInIndex = 0; };
		95FAA3D47F5647FD9C55706C /* Changa-Light.ttf */ = {isa = PBXFileReference; name = "Changa-Light.ttf"; path = "../assets/fonts/Changa-Light.ttf"; sourceTree = "<group>"; fileEncoding = undefined; lastKnownFileType = unknown; explicitFileType = undefined; includeInIndex = 0; };
		9791A46A04EE42A796A5BEBB /* Changa-Medium.ttf */ = {isa = PBXFileReference; name = "Changa-Medium.ttf"; path = "../assets/fonts/Changa-Medium.ttf"; sourceTree = "<group>"; fileEncoding = undefined; lastKnownFileType = unknown; explicitFileType = undefined; includeInIndex = 0; };
		D376F0D8E23B40BABD295563 /* Changa-Regular.ttf */ = {isa = PBXFileReference; name = "Changa-Regular.ttf"; path = "../assets/fonts/Changa-Regular.ttf"; sourceTree = "<group>"; fileEncoding = undefined; lastKnownFileType = unknown; explicitFileType = undefined; includeInIndex = 0; };
		603A02B9050A470A83CF3B16 /* Changa-SemiBold.ttf */ = {isa = PBXFileReference; name = "Changa-SemiBold.ttf"; path = "../assets/fonts/Changa-SemiBold.ttf"; sourceTree = "<group>"; fileEncoding = undefined; lastKnownFileType = unknown; explicitFileType = undefined; includeInIndex = 0; };
		B115D090E0FF4176A6D78A46 /* Comfortaa-Bold.ttf */ = {isa = PBXFileReference; name = "Comfortaa-Bold.ttf"; path = "../assets/fonts/Comfortaa-Bold.ttf"; sourceTree = "<group>"; fileEncoding = undefined; lastKnownFileType = unknown; explicitFileType = undefined; includeInIndex = 0; };
		4098A516951849869FBD7CB5 /* Comfortaa-Light.ttf */ = {isa = PBXFileReference; name = "Comfortaa-Light.ttf"; path = "../assets/fonts/Comfortaa-Light.ttf"; sourceTree = "<group>"; fileEncoding = undefined; lastKnownFileType = unknown; explicitFileType = undefined; includeInIndex = 0; };
		6157AFCEA6D9448781306E16 /* Comfortaa-Medium.ttf */ = {isa = PBXFileReference; name = "Comfortaa-Medium.ttf"; path = "../assets/fonts/Comfortaa-Medium.ttf"; sourceTree = "<group>"; fileEncoding = undefined; lastKnownFileType = unknown; explicitFileType = undefined; includeInIndex = 0; };
		464803148524447A9CD4DEF4 /* Comfortaa-Regular.ttf */ = {isa = PBXFileReference; name = "Comfortaa-Regular.ttf"; path = "../assets/fonts/Comfortaa-Regular.ttf"; sourceTree = "<group>"; fileEncoding = undefined; lastKnownFileType = unknown; explicitFileType = undefined; includeInIndex = 0; };
		DE1AFC8CEF54429B8CF405DE /* Comfortaa-SemiBold.ttf */ = {isa = PBXFileReference; name = "Comfortaa-SemiBold.ttf"; path = "../assets/fonts/Comfortaa-SemiBold.ttf"; sourceTree = "<group>"; fileEncoding = undefined; lastKnownFileType = unknown; explicitFileType = undefined; includeInIndex = 0; };
		86396C8451ED455AB4981F95 /* Sst-Arabicbold.ttf */ = {isa = PBXFileReference; name = "Sst-Arabicbold.ttf"; path = "../assets/fonts/Sst-Arabicbold.ttf"; sourceTree = "<group>"; fileEncoding = undefined; lastKnownFileType = unknown; explicitFileType = undefined; includeInIndex = 0; };
		F06BA7A71C8640B5951079BD /* Tajawal-Black.ttf */ = {isa = PBXFileReference; name = "Tajawal-Black.ttf"; path = "../assets/fonts/Tajawal-Black.ttf"; sourceTree = "<group>"; fileEncoding = undefined; lastKnownFileType = unknown; explicitFileType = undefined; includeInIndex = 0; };
		9F5B614028C24704B81FB31A /* Tajawal-Bold.ttf */ = {isa = PBXFileReference; name = "Tajawal-Bold.ttf"; path = "../assets/fonts/Tajawal-Bold.ttf"; sourceTree = "<group>"; fileEncoding = undefined; lastKnownFileType = unknown; explicitFileType = undefined; includeInIndex = 0; };
		3E7C68C85CCE4DB9843DA277 /* Tajawal-ExtraBold.ttf */ = {isa = PBXFileReference; name = "Tajawal-ExtraBold.ttf"; path = "../assets/fonts/Tajawal-ExtraBold.ttf"; sourceTree = "<group>"; fileEncoding = undefined; lastKnownFileType = unknown; explicitFileType = undefined; includeInIndex = 0; };
		437663CE95374D4CB2BEEF3F /* Tajawal-ExtraLight.ttf */ = {isa = PBXFileReference; name = "Tajawal-ExtraLight.ttf"; path = "../assets/fonts/Tajawal-ExtraLight.ttf"; sourceTree = "<group>"; fileEncoding = undefined; lastKnownFileType = unknown; explicitFileType = undefined; includeInIndex = 0; };
		8756DEBEDA4F4C0DA7FCE1F2 /* Tajawal-Light.ttf */ = {isa = PBXFileReference; name = "Tajawal-Light.ttf"; path = "../assets/fonts/Tajawal-Light.ttf"; sourceTree = "<group>"; fileEncoding = undefined; lastKnownFileType = unknown; explicitFileType = undefined; includeInIndex = 0; };
		32308FDFAA5E4704959A4008 /* Tajawal-Medium.ttf */ = {isa = PBXFileReference; name = "Tajawal-Medium.ttf"; path = "../assets/fonts/Tajawal-Medium.ttf"; sourceTree = "<group>"; fileEncoding = undefined; lastKnownFileType = unknown; explicitFileType = undefined; includeInIndex = 0; };
		4E13953969254D1F92FF6A3B /* Tajawal-Regular.ttf */ = {isa = PBXFileReference; name = "Tajawal-Regular.ttf"; path = "../assets/fonts/Tajawal-Regular.ttf"; sourceTree = "<group>"; fileEncoding = undefined; lastKnownFileType = unknown; explicitFileType = undefined; includeInIndex = 0; };
		A241025B387149DFB8ADEB3C /* Varela-Regular.ttf */ = {isa = PBXFileReference; name = "Varela-Regular.ttf"; path = "../assets/fonts/Varela-Regular.ttf"; sourceTree = "<group>"; fileEncoding = undefined; lastKnownFileType = unknown; explicitFileType = undefined; includeInIndex = 0; };
		8ABBDC2D2FD44CCEB9F47763 /* cairo.ttf */ = {isa = PBXFileReference; name = "cairo.ttf"; path = "../assets/fonts/cairo.ttf"; sourceTree = "<group>"; fileEncoding = undefined; lastKnownFileType = unknown; explicitFileType = undefined; includeInIndex = 0; };
		E1641302F59C4E178C225C66 /* 9squares-AlBoardman.json */ = {isa = PBXFileReference; name = "9squares-AlBoardman.json"; path = "../assets/animations/9squares-AlBoardman.json"; sourceTree = "<group>"; fileEncoding = undefined; lastKnownFileType = unknown; explicitFileType = undefined; includeInIndex = 0; };
		411D2C008F854D93AC418ACA /* HamburgerArrow.json */ = {isa = PBXFileReference; name = "HamburgerArrow.json"; path = "../assets/animations/HamburgerArrow.json"; sourceTree = "<group>"; fileEncoding = undefined; lastKnownFileType = unknown; explicitFileType = undefined; includeInIndex = 0; };
		13F3A6705AEB4BD5830CA2AB /* LineAnimation.json */ = {isa = PBXFileReference; name = "LineAnimation.json"; path = "../assets/animations/LineAnimation.json"; sourceTree = "<group>"; fileEncoding = undefined; lastKnownFileType = unknown; explicitFileType = undefined; includeInIndex = 0; };
		75977349FE3142D0B26A3300 /* LottieLogo1.json */ = {isa = PBXFileReference; name = "LottieLogo1.json"; path = "../assets/animations/LottieLogo1.json"; sourceTree = "<group>"; fileEncoding = undefined; lastKnownFileType = unknown; explicitFileType = undefined; includeInIndex = 0; };
		8D8D3C826C304DD7A3908EAB /* LottieLogo2.json */ = {isa = PBXFileReference; name = "LottieLogo2.json"; path = "../assets/animations/LottieLogo2.json"; sourceTree = "<group>"; fileEncoding = undefined; lastKnownFileType = unknown; explicitFileType = undefined; includeInIndex = 0; };
		14432DBDA8A44AEB93B4262C /* LottieWalkthrough.json */ = {isa = PBXFileReference; name = "LottieWalkthrough.json"; path = "../assets/animations/LottieWalkthrough.json"; sourceTree = "<group>"; fileEncoding = undefined; lastKnownFileType = unknown; explicitFileType = undefined; includeInIndex = 0; };
		14F3E372150F47BE8D745258 /* MotionCorpse-Jrcanest.json */ = {isa = PBXFileReference; name = "MotionCorpse-Jrcanest.json"; path = "../assets/animations/MotionCorpse-Jrcanest.json"; sourceTree = "<group>"; fileEncoding = undefined; lastKnownFileType = unknown; explicitFileType = undefined; includeInIndex = 0; };
		6A807D2AAEB8484FB2CD3E1D /* PinJump.json */ = {isa = PBXFileReference; name = "PinJump.json"; path = "../assets/animations/PinJump.json"; sourceTree = "<group>"; fileEncoding = undefined; lastKnownFileType = unknown; explicitFileType = undefined; includeInIndex = 0; };
		14F4BE90F7CB44EE994B8AEA /* TwitterHeart.json */ = {isa = PBXFileReference; name = "TwitterHeart.json"; path = "../assets/animations/TwitterHeart.json"; sourceTree = "<group>"; fileEncoding = undefined; lastKnownFileType = unknown; explicitFileType = undefined; includeInIndex = 0; };
		8F6B3A1526394698A209129D /* Watermelon.json */ = {isa = PBXFileReference; name = "Watermelon.json"; path = "../assets/animations/Watermelon.json"; sourceTree = "<group>"; fileEncoding = undefined; lastKnownFileType = unknown; explicitFileType = undefined; includeInIndex = 0; };
		FECFF8A390FC43519D8A44CB /* car.json */ = {isa = PBXFileReference; name = "car.json"; path = "../assets/animations/car.json"; sourceTree = "<group>"; fileEncoding = undefined; lastKnownFileType = unknown; explicitFileType = undefined; includeInIndex = 0; };
		FF1DF5FF87384E7EB1FEF06E /* cart.json */ = {isa = PBXFileReference; name = "cart.json"; path = "../assets/animations/cart.json"; sourceTree = "<group>"; fileEncoding = undefined; lastKnownFileType = unknown; explicitFileType = undefined; includeInIndex = 0; };
		C12A651888024A68A4EAAE3B /* circle-animation.json */ = {isa = PBXFileReference; name = "circle-animation.json"; path = "../assets/animations/circle-animation.json"; sourceTree = "<group>"; fileEncoding = undefined; lastKnownFileType = unknown; explicitFileType = undefined; includeInIndex = 0; };
		49DE3778891B421C9DF3F28C /* circle-loading-animation.json */ = {isa = PBXFileReference; name = "circle-loading-animation.json"; path = "../assets/animations/circle-loading-animation.json"; sourceTree = "<group>"; fileEncoding = undefined; lastKnownFileType = unknown; explicitFileType = undefined; includeInIndex = 0; };
		86147E89143C48EAA5E01CA8 /* empty_cart.json */ = {isa = PBXFileReference; name = "empty_cart.json"; path = "../assets/animations/empty_cart.json"; sourceTree = "<group>"; fileEncoding = undefined; lastKnownFileType = unknown; explicitFileType = undefined; includeInIndex = 0; };
		6D34BE397ABD4043AC3D4942 /* empty_shape.json */ = {isa = PBXFileReference; name = "empty_shape.json"; path = "../assets/animations/empty_shape.json"; sourceTree = "<group>"; fileEncoding = undefined; lastKnownFileType = unknown; explicitFileType = undefined; includeInIndex = 0; };
		944CA30ED15345C68BC8A456 /* expo_loading.json */ = {isa = PBXFileReference; name = "expo_loading.json"; path = "../assets/animations/expo_loading.json"; sourceTree = "<group>"; fileEncoding = undefined; lastKnownFileType = unknown; explicitFileType = undefined; includeInIndex = 0; };
		6F43B34807404231BF897F59 /* offline.json */ = {isa = PBXFileReference; name = "offline.json"; path = "../assets/animations/offline.json"; sourceTree = "<group>"; fileEncoding = undefined; lastKnownFileType = unknown; explicitFileType = undefined; includeInIndex = 0; };
		BAB26E623DC94015BC00C1BD /* brands.png */ = {isa = PBXFileReference; name = "brands.png"; path = "../assets/icons/brands.png"; sourceTree = "<group>"; fileEncoding = undefined; lastKnownFileType = unknown; explicitFileType = undefined; includeInIndex = 0; };
		90D4E2BE869942F5BA529F08 /* home.png */ = {isa = PBXFileReference; name = "home.png"; path = "../assets/icons/home.png"; sourceTree = "<group>"; fileEncoding = undefined; lastKnownFileType = unknown; explicitFileType = undefined; includeInIndex = 0; };
		9D7D31F11CEF48A9934E01A8 /* info.png */ = {isa = PBXFileReference; name = "info.png"; path = "../assets/icons/info.png"; sourceTree = "<group>"; fileEncoding = undefined; lastKnownFileType = unknown; explicitFileType = undefined; includeInIndex = 0; };
		266FDBD70F1549B489281FDD /* user.png */ = {isa = PBXFileReference; name = "user.png"; path = "../assets/icons/user.png"; sourceTree = "<group>"; fileEncoding = undefined; lastKnownFileType = unknown; explicitFileType = undefined; includeInIndex = 0; };
		863FC9BBDD6B420CBD1F2F27 /* bgblue.png */ = {isa = PBXFileReference; name = "bgblue.png"; path = "../assets/images/bgblue.png"; sourceTree = "<group>"; fileEncoding = undefined; lastKnownFileType = unknown; explicitFileType = undefined; includeInIndex = 0; };
		2B59129F778C45A8AF30DEBC /* bggray.png */ = {isa = PBXFileReference; name = "bggray.png"; path = "../assets/images/bggray.png"; sourceTree = "<group>"; fileEncoding = undefined; lastKnownFileType = unknown; explicitFileType = undefined; includeInIndex = 0; };
		AE73B57695A641FAB08470F4 /* loading.gif */ = {isa = PBXFileReference; name = "loading.gif"; path = "../assets/images/loading.gif"; sourceTree = "<group>"; fileEncoding = undefined; lastKnownFileType = unknown; explicitFileType = undefined; includeInIndex = 0; };
		2AC14479B13C4209A163CCAE /* loading_sm.gif */ = {isa = PBXFileReference; name = "loading_sm.gif"; path = "../assets/images/loading_sm.gif"; sourceTree = "<group>"; fileEncoding = undefined; lastKnownFileType = unknown; explicitFileType = undefined; includeInIndex = 0; };
		6F0E38D257C0472190A90788 /* pin.png */ = {isa = PBXFileReference; name = "pin.png"; path = "../assets/images/pin.png"; sourceTree = "<group>"; fileEncoding = undefined; lastKnownFileType = unknown; explicitFileType = undefined; includeInIndex = 0; };
		63AA289F2D7E42A3BCF86E8A /* pin_old.png */ = {isa = PBXFileReference; name = "pin_old.png"; path = "../assets/images/pin_old.png"; sourceTree = "<group>"; fileEncoding = undefined; lastKnownFileType = unknown; explicitFileType = undefined; includeInIndex = 0; };
		3BBF6DDDA9F44687B671E9F3 /* whiteBg.png */ = {isa = PBXFileReference; name = "whiteBg.png"; path = "../assets/images/whiteBg.png"; sourceTree = "<group>"; fileEncoding = undefined; lastKnownFileType = unknown; explicitFileType = undefined; includeInIndex = 0; };
/* End PBXFileReference section */

/* Begin PBXFrameworksBuildPhase section */
		00E356EB1AD99517003FC87E /* Frameworks */ = {
			isa = PBXFrameworksBuildPhase;
			buildActionMask = 2147483647;
			files = (
				9DCE5C2FA1CE69C75C16B935 /* libPods-calcloan-calcloanTests.a in Frameworks */,
			);
			runOnlyForDeploymentPostprocessing = 0;
		};
		13B07F8C1A680F5B00A75B9A /* Frameworks */ = {
			isa = PBXFrameworksBuildPhase;
			buildActionMask = 2147483647;
			files = (
				E5DDE813E3884AD8A78E73ED /* libPods-calcloan.a in Frameworks */,
			);
			runOnlyForDeploymentPostprocessing = 0;
		};
		2D02E4781E0B4A5D006451C7 /* Frameworks */ = {
			isa = PBXFrameworksBuildPhase;
			buildActionMask = 2147483647;
			files = (
				CBBB24F469EA74BB78BA58E3 /* libPods-calcloan-tvOS.a in Frameworks */,
			);
			runOnlyForDeploymentPostprocessing = 0;
		};
		2D02E48D1E0B4A5D006451C7 /* Frameworks */ = {
			isa = PBXFrameworksBuildPhase;
			buildActionMask = 2147483647;
			files = (
				45D5E4188FC321B03D16B6A5 /* libPods-calcloan-tvOSTests.a in Frameworks */,
			);
			runOnlyForDeploymentPostprocessing = 0;
		};
/* End PBXFrameworksBuildPhase section */

/* Begin PBXGroup section */
		00E356EF1AD99517003FC87E /* calcloanTests */ = {
			isa = PBXGroup;
			children = (
				00E356F21AD99517003FC87E /* calcloanTests.m */,
				00E356F01AD99517003FC87E /* Supporting Files */,
			);
			path = calcloanTests;
			sourceTree = "<group>";
		};
		00E356F01AD99517003FC87E /* Supporting Files */ = {
			isa = PBXGroup;
			children = (
				00E356F11AD99517003FC87E /* Info.plist */,
			);
			name = "Supporting Files";
			sourceTree = "<group>";
		};
		04D532E0303A4E80A4F7894E /* Resources */ = {
			isa = PBXGroup;
			children = (
				0899C9694DDB4426B55E7243 /* AR-Almarai-Font.ttf */,
				C89180B7031C40C5BF2C507B /* AR-BBC-Regular.ttf */,
				9C53D7513FA0426DBA175ADD /* Actor-Regular.ttf */,
				B544A3CFCD814D05B4183802 /* AlMohanad.ttf */,
				A1AE376BF2324569AAAFED4A /* Almarai-Bold.ttf */,
				E8816EC1E3074D328DB71536 /* Almarai-ExtraBold.ttf */,
				714C338F7FBF4B4886456DD4 /* Almarai-Light.ttf */,
				8880F233BC834F92BBE5D71B /* Almarai-Regular.ttf */,
				F871CAD922B54593B0ACB1ED /* Ar-Ith.ttf */,
				649935A07162455389C5ED22 /* ArchivoNarrow-Bold.ttf */,
				EE8C60EF837A4CCE9A87507F /* ArchivoNarrow-BoldItalic.ttf */,
				613EEF9D27B4485A8CEB141E /* ArchivoNarrow-Italic.ttf */,
				C7E799B8A3D944CEADFEF612 /* ArchivoNarrow-Medium.ttf */,
				706190EA665745A6B106F371 /* ArchivoNarrow-MediumItalic.ttf */,
				A51BD221E328489B8C801E04 /* ArchivoNarrow-Regular.ttf */,
				1F7573328AAA4D6BB77EDB29 /* ArchivoNarrow-SemiBold.ttf */,
				18267D4A63254555ABE30DBA /* ArchivoNarrow-SemiBoldItalic.ttf */,
				9267A779DC8C4982A7E6C62E /* Bein-Black.ttf */,
				4FE73DAF68E74A138696DF31 /* Bein-Normal.ttf */,
				3A27AD6CF2F94F2A9B441BCB /* Cairo-Black.ttf */,
				A1F72568F2964B91B4DF3109 /* Cairo-Bold.ttf */,
				5991F1A1604D4B1982533BC1 /* Cairo_Black.ttf */,
				688D9E4BB47E4F26944468AC /* Cairo_Semi_Bold.ttf */,
				DFF90EB1DC644AC89985EB42 /* Changa-Bold.ttf */,
				5B3794F29EEF475C8549A875 /* Changa-ExtraBold.ttf */,
				E032791609234736BACB853D /* Changa-ExtraLight.ttf */,
				95FAA3D47F5647FD9C55706C /* Changa-Light.ttf */,
				9791A46A04EE42A796A5BEBB /* Changa-Medium.ttf */,
				D376F0D8E23B40BABD295563 /* Changa-Regular.ttf */,
				603A02B9050A470A83CF3B16 /* Changa-SemiBold.ttf */,
				B115D090E0FF4176A6D78A46 /* Comfortaa-Bold.ttf */,
				4098A516951849869FBD7CB5 /* Comfortaa-Light.ttf */,
				6157AFCEA6D9448781306E16 /* Comfortaa-Medium.ttf */,
				464803148524447A9CD4DEF4 /* Comfortaa-Regular.ttf */,
				DE1AFC8CEF54429B8CF405DE /* Comfortaa-SemiBold.ttf */,
				86396C8451ED455AB4981F95 /* Sst-Arabicbold.ttf */,
				F06BA7A71C8640B5951079BD /* Tajawal-Black.ttf */,
				9F5B614028C24704B81FB31A /* Tajawal-Bold.ttf */,
				3E7C68C85CCE4DB9843DA277 /* Tajawal-ExtraBold.ttf */,
				437663CE95374D4CB2BEEF3F /* Tajawal-ExtraLight.ttf */,
				8756DEBEDA4F4C0DA7FCE1F2 /* Tajawal-Light.ttf */,
				32308FDFAA5E4704959A4008 /* Tajawal-Medium.ttf */,
				4E13953969254D1F92FF6A3B /* Tajawal-Regular.ttf */,
				A241025B387149DFB8ADEB3C /* Varela-Regular.ttf */,
				8ABBDC2D2FD44CCEB9F47763 /* cairo.ttf */,
				E1641302F59C4E178C225C66 /* 9squares-AlBoardman.json */,
				411D2C008F854D93AC418ACA /* HamburgerArrow.json */,
				13F3A6705AEB4BD5830CA2AB /* LineAnimation.json */,
				75977349FE3142D0B26A3300 /* LottieLogo1.json */,
				8D8D3C826C304DD7A3908EAB /* LottieLogo2.json */,
				14432DBDA8A44AEB93B4262C /* LottieWalkthrough.json */,
				14F3E372150F47BE8D745258 /* MotionCorpse-Jrcanest.json */,
				6A807D2AAEB8484FB2CD3E1D /* PinJump.json */,
				14F4BE90F7CB44EE994B8AEA /* TwitterHeart.json */,
				8F6B3A1526394698A209129D /* Watermelon.json */,
				FECFF8A390FC43519D8A44CB /* car.json */,
				FF1DF5FF87384E7EB1FEF06E /* cart.json */,
				C12A651888024A68A4EAAE3B /* circle-animation.json */,
				49DE3778891B421C9DF3F28C /* circle-loading-animation.json */,
				86147E89143C48EAA5E01CA8 /* empty_cart.json */,
				6D34BE397ABD4043AC3D4942 /* empty_shape.json */,
				944CA30ED15345C68BC8A456 /* expo_loading.json */,
				6F43B34807404231BF897F59 /* offline.json */,
				BAB26E623DC94015BC00C1BD /* brands.png */,
				90D4E2BE869942F5BA529F08 /* home.png */,
				9D7D31F11CEF48A9934E01A8 /* info.png */,
				266FDBD70F1549B489281FDD /* user.png */,
				863FC9BBDD6B420CBD1F2F27 /* bgblue.png */,
				2B59129F778C45A8AF30DEBC /* bggray.png */,
				AE73B57695A641FAB08470F4 /* loading.gif */,
				2AC14479B13C4209A163CCAE /* loading_sm.gif */,
				6F0E38D257C0472190A90788 /* pin.png */,
				63AA289F2D7E42A3BCF86E8A /* pin_old.png */,
				3BBF6DDDA9F44687B671E9F3 /* whiteBg.png */,
			);
			name = Resources;
			sourceTree = "<group>";
		};
		13B07FAE1A68108700A75B9A /* calcloan */ = {
			isa = PBXGroup;
			children = (
				008F07F21AC5B25A0029DE68 /* main.jsbundle */,
				13B07FAF1A68108700A75B9A /* AppDelegate.h */,
				13B07FB01A68108700A75B9A /* AppDelegate.m */,
				13B07FB51A68108700A75B9A /* Images.xcassets */,
				13B07FB61A68108700A75B9A /* Info.plist */,
				81AB9BB72411601600AC10FF /* LaunchScreen.storyboard */,
				13B07FB71A68108700A75B9A /* main.m */,
			);
			name = calcloan;
			sourceTree = "<group>";
		};
		2D16E6871FA4F8E400B85C8A /* Frameworks */ = {
			isa = PBXGroup;
			children = (
				ED297162215061F000B7C4FE /* JavaScriptCore.framework */,
				ED2971642150620600B7C4FE /* JavaScriptCore.framework */,
				7E53C9D605BCA6B2511AD652 /* libPods-calcloan.a */,
				A15DA827A92B5591AD992E2A /* libPods-calcloan-calcloanTests.a */,
				21A91D256FF1775D95DAC4FF /* libPods-calcloan-tvOS.a */,
				2A4D74CDEE4A12304F390DBF /* libPods-calcloan-tvOSTests.a */,
			);
			name = Frameworks;
			sourceTree = "<group>";
		};
		832341AE1AAA6A7D00B99B32 /* Libraries */ = {
			isa = PBXGroup;
			children = (
			);
			name = Libraries;
			sourceTree = "<group>";
		};
		83CBB9F61A601CBA00E9B192 = {
			isa = PBXGroup;
			children = (
				50AB029725F49EBB0058D089 /* File.swift */,
				13B07FAE1A68108700A75B9A /* calcloan */,
				832341AE1AAA6A7D00B99B32 /* Libraries */,
				00E356EF1AD99517003FC87E /* calcloanTests */,
				83CBBA001A601CBA00E9B192 /* Products */,
				2D16E6871FA4F8E400B85C8A /* Frameworks */,
				F109184342A74B3B92789ECD /* Pods */,
				04D532E0303A4E80A4F7894E /* Resources */,
				50AB029625F49EBA0058D089 /* calcloan-Bridging-Header.h */,
			);
			indentWidth = 2;
			sourceTree = "<group>";
			tabWidth = 2;
			usesTabs = 0;
		};
		83CBBA001A601CBA00E9B192 /* Products */ = {
			isa = PBXGroup;
			children = (
				13B07F961A680F5B00A75B9A /* calcloan.app */,
				00E356EE1AD99517003FC87E /* calcloanTests.xctest */,
				2D02E47B1E0B4A5D006451C7 /* calcloan-tvOS.app */,
				2D02E4901E0B4A5D006451C7 /* calcloan-tvOSTests.xctest */,
			);
			name = Products;
			sourceTree = "<group>";
		};
		F109184342A74B3B92789ECD /* Pods */ = {
			isa = PBXGroup;
			children = (
				3433CAE4BBC8723BDA139E76 /* Pods-calcloan.debug.xcconfig */,
				9BEAC07FCD877B52F4ADEB27 /* Pods-calcloan.release.xcconfig */,
				5E393B45183194C032FFB394 /* Pods-calcloan-calcloanTests.debug.xcconfig */,
				4F7F688BF26DD6ED9D87EEF8 /* Pods-calcloan-calcloanTests.release.xcconfig */,
				033ED8BFE5BA8ADC93DE19C1 /* Pods-calcloan-tvOS.debug.xcconfig */,
				301C9C8EC730E1ABB8663B39 /* Pods-calcloan-tvOS.release.xcconfig */,
				6CFECE45D6C1E98C639C38E5 /* Pods-calcloan-tvOSTests.debug.xcconfig */,
				9A5D6825D2F989DACF3101AF /* Pods-calcloan-tvOSTests.release.xcconfig */,
			);
			path = Pods;
			sourceTree = "<group>";
		};
/* End PBXGroup section */

/* Begin PBXNativeTarget section */
		00E356ED1AD99517003FC87E /* calcloanTests */ = {
			isa = PBXNativeTarget;
			buildConfigurationList = 00E357021AD99517003FC87E /* Build configuration list for PBXNativeTarget "calcloanTests" */;
			buildPhases = (
				3C7D7C2D6FB925C7F3E7A805 /* [CP] Check Pods Manifest.lock */,
				00E356EA1AD99517003FC87E /* Sources */,
				00E356EB1AD99517003FC87E /* Frameworks */,
				00E356EC1AD99517003FC87E /* Resources */,
				BA02DD118C4BFD9C5653EA6C /* [CP] Copy Pods Resources */,
				3C5CFF8E3C93B288D8DE529B /* [CP] Embed Pods Frameworks */,
			);
			buildRules = (
			);
			dependencies = (
				00E356F51AD99517003FC87E /* PBXTargetDependency */,
			);
			name = calcloanTests;
			productName = calcloanTests;
			productReference = 00E356EE1AD99517003FC87E /* calcloanTests.xctest */;
			productType = "com.apple.product-type.bundle.unit-test";
		};
		13B07F861A680F5B00A75B9A /* calcloan */ = {
			isa = PBXNativeTarget;
			buildConfigurationList = 13B07F931A680F5B00A75B9A /* Build configuration list for PBXNativeTarget "calcloan" */;
			buildPhases = (
				533254BA5C9A5565486F5B09 /* [CP] Check Pods Manifest.lock */,
				FD10A7F022414F080027D42C /* Start Packager */,
				13B07F871A680F5B00A75B9A /* Sources */,
				13B07F8C1A680F5B00A75B9A /* Frameworks */,
				13B07F8E1A680F5B00A75B9A /* Resources */,
				00DD1BFF1BD5951E006B06BC /* Bundle React Native code and images */,
				A1AD1782B26D2CBE9E8FBDD1 /* [CP] Copy Pods Resources */,
				1801776DA75B2DA39E406F04 /* [CP] Embed Pods Frameworks */,
			);
			buildRules = (
			);
			dependencies = (
			);
			name = calcloan;
			productName = calcloan;
			productReference = 13B07F961A680F5B00A75B9A /* calcloan.app */;
			productType = "com.apple.product-type.application";
		};
		2D02E47A1E0B4A5D006451C7 /* calcloan-tvOS */ = {
			isa = PBXNativeTarget;
			buildConfigurationList = 2D02E4BA1E0B4A5E006451C7 /* Build configuration list for PBXNativeTarget "calcloan-tvOS" */;
			buildPhases = (
				ACEB7D8BC8814CF572B39B7C /* [CP] Check Pods Manifest.lock */,
				FD10A7F122414F3F0027D42C /* Start Packager */,
				2D02E4771E0B4A5D006451C7 /* Sources */,
				2D02E4781E0B4A5D006451C7 /* Frameworks */,
				2D02E4791E0B4A5D006451C7 /* Resources */,
				2D02E4CB1E0B4B27006451C7 /* Bundle React Native Code And Images */,
			);
			buildRules = (
			);
			dependencies = (
			);
			name = "calcloan-tvOS";
			productName = "calcloan-tvOS";
			productReference = 2D02E47B1E0B4A5D006451C7 /* calcloan-tvOS.app */;
			productType = "com.apple.product-type.application";
		};
		2D02E48F1E0B4A5D006451C7 /* calcloan-tvOSTests */ = {
			isa = PBXNativeTarget;
			buildConfigurationList = 2D02E4BB1E0B4A5E006451C7 /* Build configuration list for PBXNativeTarget "calcloan-tvOSTests" */;
			buildPhases = (
				943752DF62F2B8B3B955B562 /* [CP] Check Pods Manifest.lock */,
				2D02E48C1E0B4A5D006451C7 /* Sources */,
				2D02E48D1E0B4A5D006451C7 /* Frameworks */,
				2D02E48E1E0B4A5D006451C7 /* Resources */,
			);
			buildRules = (
			);
			dependencies = (
				2D02E4921E0B4A5D006451C7 /* PBXTargetDependency */,
			);
			name = "calcloan-tvOSTests";
			productName = "calcloan-tvOSTests";
			productReference = 2D02E4901E0B4A5D006451C7 /* calcloan-tvOSTests.xctest */;
			productType = "com.apple.product-type.bundle.unit-test";
		};
/* End PBXNativeTarget section */

/* Begin PBXProject section */
		83CBB9F71A601CBA00E9B192 /* Project object */ = {
			isa = PBXProject;
			attributes = {
				LastUpgradeCheck = 1130;
				TargetAttributes = {
					00E356ED1AD99517003FC87E = {
						CreatedOnToolsVersion = 6.2;
						TestTargetID = 13B07F861A680F5B00A75B9A;
					};
					13B07F861A680F5B00A75B9A = {
						DevelopmentTeam = 8QAQD2K3S3;
						LastSwiftMigration = 1240;
					};
					2D02E47A1E0B4A5D006451C7 = {
						CreatedOnToolsVersion = 8.2.1;
						ProvisioningStyle = Automatic;
					};
					2D02E48F1E0B4A5D006451C7 = {
						CreatedOnToolsVersion = 8.2.1;
						ProvisioningStyle = Automatic;
						TestTargetID = 2D02E47A1E0B4A5D006451C7;
					};
				};
			};
			buildConfigurationList = 83CBB9FA1A601CBA00E9B192 /* Build configuration list for PBXProject "calcloan" */;
			compatibilityVersion = "Xcode 3.2";
			developmentRegion = en;
			hasScannedForEncodings = 0;
			knownRegions = (
				en,
				Base,
			);
			mainGroup = 83CBB9F61A601CBA00E9B192;
			productRefGroup = 83CBBA001A601CBA00E9B192 /* Products */;
			projectDirPath = "";
			projectRoot = "";
			targets = (
				13B07F861A680F5B00A75B9A /* calcloan */,
				00E356ED1AD99517003FC87E /* calcloanTests */,
				2D02E47A1E0B4A5D006451C7 /* calcloan-tvOS */,
				2D02E48F1E0B4A5D006451C7 /* calcloan-tvOSTests */,
			);
		};
/* End PBXProject section */

/* Begin PBXResourcesBuildPhase section */
		00E356EC1AD99517003FC87E /* Resources */ = {
			isa = PBXResourcesBuildPhase;
			buildActionMask = 2147483647;
			files = (
			);
			runOnlyForDeploymentPostprocessing = 0;
		};
		13B07F8E1A680F5B00A75B9A /* Resources */ = {
			isa = PBXResourcesBuildPhase;
			buildActionMask = 2147483647;
			files = (
				81AB9BB82411601600AC10FF /* LaunchScreen.storyboard in Resources */,
				13B07FBF1A68108700A75B9A /* Images.xcassets in Resources */,
				D1186C32795B486498A42982 /* AR-Almarai-Font.ttf in Resources */,
				0A017A01E0CC4043BD80E989 /* AR-BBC-Regular.ttf in Resources */,
				1790AD57241A4A6C872E11C9 /* Actor-Regular.ttf in Resources */,
				19EDF6AE3AA9469D86E8460D /* AlMohanad.ttf in Resources */,
				41585E750884460AB19A75BE /* Almarai-Bold.ttf in Resources */,
				C8975FF9A56F49598A94DFD1 /* Almarai-ExtraBold.ttf in Resources */,
				63837596347F44D882FA5A75 /* Almarai-Light.ttf in Resources */,
				92D746E2983549898835C1A5 /* Almarai-Regular.ttf in Resources */,
				FB82DCC9D0A549208CA67BCC /* Ar-Ith.ttf in Resources */,
				F0FF682500C1477CA5ABCB0C /* ArchivoNarrow-Bold.ttf in Resources */,
				4A57E42836594C8086151082 /* ArchivoNarrow-BoldItalic.ttf in Resources */,
				1EE0356375E74F188CA3C78C /* ArchivoNarrow-Italic.ttf in Resources */,
				474F564417C8435D965F41BC /* ArchivoNarrow-Medium.ttf in Resources */,
				63C3400E8EDF4247B3D640BF /* ArchivoNarrow-MediumItalic.ttf in Resources */,
				F9A83E8A4C0242B7BD4780A5 /* ArchivoNarrow-Regular.ttf in Resources */,
				38C652518B2341B0BCF33734 /* ArchivoNarrow-SemiBold.ttf in Resources */,
				0D4854D5CF5449BE9D962ED4 /* ArchivoNarrow-SemiBoldItalic.ttf in Resources */,
				1D15E0BFA76A4A63B395B321 /* Bein-Black.ttf in Resources */,
				14A8F746F75842959D893B53 /* Bein-Normal.ttf in Resources */,
				B92B2D8D36EC4A4A919E17F6 /* Cairo-Black.ttf in Resources */,
				538E70376C574D25950A1046 /* Cairo-Bold.ttf in Resources */,
				4D7FC2291F2A4194A6EDBA46 /* Cairo_Black.ttf in Resources */,
				8657C3FC6CEC4B75AF3C2BA4 /* Cairo_Semi_Bold.ttf in Resources */,
				A759E25856444461865A574D /* Changa-Bold.ttf in Resources */,
				C88FB4C3F61849ADB6591274 /* Changa-ExtraBold.ttf in Resources */,
				5C80384834694BE88357FD58 /* Changa-ExtraLight.ttf in Resources */,
				6BD70DCF7AE941EA963D35E8 /* Changa-Light.ttf in Resources */,
				60534AB60A794A19A3E581E8 /* Changa-Medium.ttf in Resources */,
				58B13BF80092487AB6F30CE3 /* Changa-Regular.ttf in Resources */,
				FD97D27D1E8E408FAC0F2ED9 /* Changa-SemiBold.ttf in Resources */,
				1DD559237F5945E0A6B6F5A7 /* Comfortaa-Bold.ttf in Resources */,
				1DCC39B8931E47E2B42F2980 /* Comfortaa-Light.ttf in Resources */,
				4236C6D7010B4C14BD257CA4 /* Comfortaa-Medium.ttf in Resources */,
				0E7721BA5CCA4AA5ADCCC98F /* Comfortaa-Regular.ttf in Resources */,
				58A4011723034A92AFA61431 /* Comfortaa-SemiBold.ttf in Resources */,
				1459F7F57F0542D8ADAA6F38 /* Sst-Arabicbold.ttf in Resources */,
				D561468E80B54645948C6B98 /* Tajawal-Black.ttf in Resources */,
				1051A416A15F492681BBF722 /* Tajawal-Bold.ttf in Resources */,
				0AE7717DDCA348C4AE4BD016 /* Tajawal-ExtraBold.ttf in Resources */,
				5FF046F3674545759CDFCB9F /* Tajawal-ExtraLight.ttf in Resources */,
				F678FE0A098A41CB84985D1F /* Tajawal-Light.ttf in Resources */,
				830C8F7DC1C5472C89755815 /* Tajawal-Medium.ttf in Resources */,
				C8B393FEA47C4459B903D8B4 /* Tajawal-Regular.ttf in Resources */,
				279CDFA1D4974507AB8378D9 /* Varela-Regular.ttf in Resources */,
				381450EEDA884C3AA25E51F5 /* cairo.ttf in Resources */,
				2AA309A989E640FA95B7EC1B /* 9squares-AlBoardman.json in Resources */,
				99012A7513B545FD9C1056BF /* HamburgerArrow.json in Resources */,
				7CD0A9EE57CF4BE28BB75145 /* LineAnimation.json in Resources */,
				FC4A5A8D4C0241FDB4B665BC /* LottieLogo1.json in Resources */,
				6D5C2B27595946868EB9B171 /* LottieLogo2.json in Resources */,
				F6C7B8B7AE19493A8F0A1A62 /* LottieWalkthrough.json in Resources */,
				3265E1CF89D54001A98AE5FC /* MotionCorpse-Jrcanest.json in Resources */,
				BD7E41BB802B45B3A3291180 /* PinJump.json in Resources */,
				157FE8E4A3424F4AB118794D /* TwitterHeart.json in Resources */,
				3564C2537ACA4CB0AEFFFA17 /* Watermelon.json in Resources */,
				DDE7243ABFA14026A5F22997 /* car.json in Resources */,
				ADB8030FFB9D4C839E1916F2 /* cart.json in Resources */,
				F40403584DD74B69AD82AC1D /* circle-animation.json in Resources */,
				63474E8495A0461C93AF381E /* circle-loading-animation.json in Resources */,
				21B3AA017A4244B8B7C7B360 /* empty_cart.json in Resources */,
				BA8193B7DF6343BEB7C7DC24 /* empty_shape.json in Resources */,
				20DCB56725D944FA95F71301 /* expo_loading.json in Resources */,
				C0D57263D88144AAB38F11FC /* offline.json in Resources */,
				26DE7F583D0C4C5397301C77 /* brands.png in Resources */,
				85080D2814B049AD927216C5 /* home.png in Resources */,
				2B5667B08B20421B87D48270 /* info.png in Resources */,
				8DE60BE9E7A04B3B99A34F42 /* user.png in Resources */,
				537DBD1904CD48CA9C6C1F1A /* bgblue.png in Resources */,
				5591532B7FCA46A59C7CFC0C /* bggray.png in Resources */,
				DF785DE68ECA4062A2154148 /* loading.gif in Resources */,
				6C8B0907AC2742AA8272CB1C /* loading_sm.gif in Resources */,
				AEDAE45DE9F44A41B75FD4C8 /* pin.png in Resources */,
				3457A5C34CC442B484721A6E /* pin_old.png in Resources */,
				6AFA0B0007F24358A08CC7EF /* whiteBg.png in Resources */,
			);
			runOnlyForDeploymentPostprocessing = 0;
		};
		2D02E4791E0B4A5D006451C7 /* Resources */ = {
			isa = PBXResourcesBuildPhase;
			buildActionMask = 2147483647;
			files = (
				2D02E4BD1E0B4A84006451C7 /* Images.xcassets in Resources */,
			);
			runOnlyForDeploymentPostprocessing = 0;
		};
		2D02E48E1E0B4A5D006451C7 /* Resources */ = {
			isa = PBXResourcesBuildPhase;
			buildActionMask = 2147483647;
			files = (
			);
			runOnlyForDeploymentPostprocessing = 0;
		};
/* End PBXResourcesBuildPhase section */

/* Begin PBXShellScriptBuildPhase section */
		00DD1BFF1BD5951E006B06BC /* Bundle React Native code and images */ = {
			isa = PBXShellScriptBuildPhase;
			buildActionMask = 2147483647;
			files = (
			);
			inputPaths = (
			);
			name = "Bundle React Native code and images";
			outputPaths = (
			);
			runOnlyForDeploymentPostprocessing = 0;
			shellPath = /bin/sh;
			shellScript = "export NODE_BINARY=node\n../node_modules/react-native/scripts/react-native-xcode.sh";
		};
		1801776DA75B2DA39E406F04 /* [CP] Embed Pods Frameworks */ = {
			isa = PBXShellScriptBuildPhase;
			buildActionMask = 2147483647;
			files = (
			);
			inputPaths = (
				"${PODS_ROOT}/Target Support Files/Pods-calcloan/Pods-calcloan-frameworks.sh",
				"${PODS_XCFRAMEWORKS_BUILD_DIR}/OpenSSL/OpenSSL.framework/OpenSSL",
			);
			name = "[CP] Embed Pods Frameworks";
			outputPaths = (
				"${TARGET_BUILD_DIR}/${FRAMEWORKS_FOLDER_PATH}/OpenSSL.framework",
			);
			runOnlyForDeploymentPostprocessing = 0;
			shellPath = /bin/sh;
			shellScript = "\"${PODS_ROOT}/Target Support Files/Pods-calcloan/Pods-calcloan-frameworks.sh\"\n";
			showEnvVarsInLog = 0;
		};
		2D02E4CB1E0B4B27006451C7 /* Bundle React Native Code And Images */ = {
			isa = PBXShellScriptBuildPhase;
			buildActionMask = 2147483647;
			files = (
			);
			inputPaths = (
			);
			name = "Bundle React Native Code And Images";
			outputPaths = (
			);
			runOnlyForDeploymentPostprocessing = 0;
			shellPath = /bin/sh;
			shellScript = "export NODE_BINARY=node\n../node_modules/react-native/scripts/react-native-xcode.sh";
		};
		3C5CFF8E3C93B288D8DE529B /* [CP] Embed Pods Frameworks */ = {
			isa = PBXShellScriptBuildPhase;
			buildActionMask = 2147483647;
			files = (
			);
			inputPaths = (
				"${PODS_ROOT}/Target Support Files/Pods-calcloan-calcloanTests/Pods-calcloan-calcloanTests-frameworks.sh",
				"${PODS_XCFRAMEWORKS_BUILD_DIR}/OpenSSL/OpenSSL.framework/OpenSSL",
			);
			name = "[CP] Embed Pods Frameworks";
			outputPaths = (
				"${TARGET_BUILD_DIR}/${FRAMEWORKS_FOLDER_PATH}/OpenSSL.framework",
			);
			runOnlyForDeploymentPostprocessing = 0;
			shellPath = /bin/sh;
			shellScript = "\"${PODS_ROOT}/Target Support Files/Pods-calcloan-calcloanTests/Pods-calcloan-calcloanTests-frameworks.sh\"\n";
			showEnvVarsInLog = 0;
		};
		3C7D7C2D6FB925C7F3E7A805 /* [CP] Check Pods Manifest.lock */ = {
			isa = PBXShellScriptBuildPhase;
			buildActionMask = 2147483647;
			files = (
			);
			inputFileListPaths = (
			);
			inputPaths = (
				"${PODS_PODFILE_DIR_PATH}/Podfile.lock",
				"${PODS_ROOT}/Manifest.lock",
			);
			name = "[CP] Check Pods Manifest.lock";
			outputFileListPaths = (
			);
			outputPaths = (
				"$(DERIVED_FILE_DIR)/Pods-calcloan-calcloanTests-checkManifestLockResult.txt",
			);
			runOnlyForDeploymentPostprocessing = 0;
			shellPath = /bin/sh;
			shellScript = "diff \"${PODS_PODFILE_DIR_PATH}/Podfile.lock\" \"${PODS_ROOT}/Manifest.lock\" > /dev/null\nif [ $? != 0 ] ; then\n    # print error to STDERR\n    echo \"error: The sandbox is not in sync with the Podfile.lock. Run 'pod install' or update your CocoaPods installation.\" >&2\n    exit 1\nfi\n# This output is used by Xcode 'outputs' to avoid re-running this script phase.\necho \"SUCCESS\" > \"${SCRIPT_OUTPUT_FILE_0}\"\n";
			showEnvVarsInLog = 0;
		};
		533254BA5C9A5565486F5B09 /* [CP] Check Pods Manifest.lock */ = {
			isa = PBXShellScriptBuildPhase;
			buildActionMask = 2147483647;
			files = (
			);
			inputFileListPaths = (
			);
			inputPaths = (
				"${PODS_PODFILE_DIR_PATH}/Podfile.lock",
				"${PODS_ROOT}/Manifest.lock",
			);
			name = "[CP] Check Pods Manifest.lock";
			outputFileListPaths = (
			);
			outputPaths = (
				"$(DERIVED_FILE_DIR)/Pods-calcloan-checkManifestLockResult.txt",
			);
			runOnlyForDeploymentPostprocessing = 0;
			shellPath = /bin/sh;
			shellScript = "diff \"${PODS_PODFILE_DIR_PATH}/Podfile.lock\" \"${PODS_ROOT}/Manifest.lock\" > /dev/null\nif [ $? != 0 ] ; then\n    # print error to STDERR\n    echo \"error: The sandbox is not in sync with the Podfile.lock. Run 'pod install' or update your CocoaPods installation.\" >&2\n    exit 1\nfi\n# This output is used by Xcode 'outputs' to avoid re-running this script phase.\necho \"SUCCESS\" > \"${SCRIPT_OUTPUT_FILE_0}\"\n";
			showEnvVarsInLog = 0;
		};
		943752DF62F2B8B3B955B562 /* [CP] Check Pods Manifest.lock */ = {
			isa = PBXShellScriptBuildPhase;
			buildActionMask = 2147483647;
			files = (
			);
			inputFileListPaths = (
			);
			inputPaths = (
				"${PODS_PODFILE_DIR_PATH}/Podfile.lock",
				"${PODS_ROOT}/Manifest.lock",
			);
			name = "[CP] Check Pods Manifest.lock";
			outputFileListPaths = (
			);
			outputPaths = (
				"$(DERIVED_FILE_DIR)/Pods-calcloan-tvOSTests-checkManifestLockResult.txt",
			);
			runOnlyForDeploymentPostprocessing = 0;
			shellPath = /bin/sh;
			shellScript = "diff \"${PODS_PODFILE_DIR_PATH}/Podfile.lock\" \"${PODS_ROOT}/Manifest.lock\" > /dev/null\nif [ $? != 0 ] ; then\n    # print error to STDERR\n    echo \"error: The sandbox is not in sync with the Podfile.lock. Run 'pod install' or update your CocoaPods installation.\" >&2\n    exit 1\nfi\n# This output is used by Xcode 'outputs' to avoid re-running this script phase.\necho \"SUCCESS\" > \"${SCRIPT_OUTPUT_FILE_0}\"\n";
			showEnvVarsInLog = 0;
		};
		A1AD1782B26D2CBE9E8FBDD1 /* [CP] Copy Pods Resources */ = {
			isa = PBXShellScriptBuildPhase;
			buildActionMask = 2147483647;
			files = (
			);
			inputPaths = (
				"${PODS_ROOT}/Target Support Files/Pods-calcloan/Pods-calcloan-resources.sh",
				"${PODS_ROOT}/../../node_modules/react-native-vector-icons/Fonts/AntDesign.ttf",
				"${PODS_ROOT}/../../node_modules/react-native-vector-icons/Fonts/Entypo.ttf",
				"${PODS_ROOT}/../../node_modules/react-native-vector-icons/Fonts/EvilIcons.ttf",
				"${PODS_ROOT}/../../node_modules/react-native-vector-icons/Fonts/Feather.ttf",
				"${PODS_ROOT}/../../node_modules/react-native-vector-icons/Fonts/FontAwesome.ttf",
				"${PODS_ROOT}/../../node_modules/react-native-vector-icons/Fonts/FontAwesome5_Brands.ttf",
				"${PODS_ROOT}/../../node_modules/react-native-vector-icons/Fonts/FontAwesome5_Regular.ttf",
				"${PODS_ROOT}/../../node_modules/react-native-vector-icons/Fonts/FontAwesome5_Solid.ttf",
				"${PODS_ROOT}/../../node_modules/react-native-vector-icons/Fonts/Fontisto.ttf",
				"${PODS_ROOT}/../../node_modules/react-native-vector-icons/Fonts/Foundation.ttf",
				"${PODS_ROOT}/../../node_modules/react-native-vector-icons/Fonts/Ionicons.ttf",
				"${PODS_ROOT}/../../node_modules/react-native-vector-icons/Fonts/MaterialCommunityIcons.ttf",
				"${PODS_ROOT}/../../node_modules/react-native-vector-icons/Fonts/MaterialIcons.ttf",
				"${PODS_ROOT}/../../node_modules/react-native-vector-icons/Fonts/Octicons.ttf",
				"${PODS_ROOT}/../../node_modules/react-native-vector-icons/Fonts/SimpleLineIcons.ttf",
				"${PODS_ROOT}/../../node_modules/react-native-vector-icons/Fonts/Zocial.ttf",
				"${PODS_CONFIGURATION_BUILD_DIR}/React-Core/AccessibilityResources.bundle",
			);
			name = "[CP] Copy Pods Resources";
			outputPaths = (
				"${TARGET_BUILD_DIR}/${UNLOCALIZED_RESOURCES_FOLDER_PATH}/AntDesign.ttf",
				"${TARGET_BUILD_DIR}/${UNLOCALIZED_RESOURCES_FOLDER_PATH}/Entypo.ttf",
				"${TARGET_BUILD_DIR}/${UNLOCALIZED_RESOURCES_FOLDER_PATH}/EvilIcons.ttf",
				"${TARGET_BUILD_DIR}/${UNLOCALIZED_RESOURCES_FOLDER_PATH}/Feather.ttf",
				"${TARGET_BUILD_DIR}/${UNLOCALIZED_RESOURCES_FOLDER_PATH}/FontAwesome.ttf",
				"${TARGET_BUILD_DIR}/${UNLOCALIZED_RESOURCES_FOLDER_PATH}/FontAwesome5_Brands.ttf",
				"${TARGET_BUILD_DIR}/${UNLOCALIZED_RESOURCES_FOLDER_PATH}/FontAwesome5_Regular.ttf",
				"${TARGET_BUILD_DIR}/${UNLOCALIZED_RESOURCES_FOLDER_PATH}/FontAwesome5_Solid.ttf",
				"${TARGET_BUILD_DIR}/${UNLOCALIZED_RESOURCES_FOLDER_PATH}/Fontisto.ttf",
				"${TARGET_BUILD_DIR}/${UNLOCALIZED_RESOURCES_FOLDER_PATH}/Foundation.ttf",
				"${TARGET_BUILD_DIR}/${UNLOCALIZED_RESOURCES_FOLDER_PATH}/Ionicons.ttf",
				"${TARGET_BUILD_DIR}/${UNLOCALIZED_RESOURCES_FOLDER_PATH}/MaterialCommunityIcons.ttf",
				"${TARGET_BUILD_DIR}/${UNLOCALIZED_RESOURCES_FOLDER_PATH}/MaterialIcons.ttf",
				"${TARGET_BUILD_DIR}/${UNLOCALIZED_RESOURCES_FOLDER_PATH}/Octicons.ttf",
				"${TARGET_BUILD_DIR}/${UNLOCALIZED_RESOURCES_FOLDER_PATH}/SimpleLineIcons.ttf",
				"${TARGET_BUILD_DIR}/${UNLOCALIZED_RESOURCES_FOLDER_PATH}/Zocial.ttf",
				"${TARGET_BUILD_DIR}/${UNLOCALIZED_RESOURCES_FOLDER_PATH}/AccessibilityResources.bundle",
			);
			runOnlyForDeploymentPostprocessing = 0;
			shellPath = /bin/sh;
			shellScript = "\"${PODS_ROOT}/Target Support Files/Pods-calcloan/Pods-calcloan-resources.sh\"\n";
			showEnvVarsInLog = 0;
		};
		ACEB7D8BC8814CF572B39B7C /* [CP] Check Pods Manifest.lock */ = {
			isa = PBXShellScriptBuildPhase;
			buildActionMask = 2147483647;
			files = (
			);
			inputFileListPaths = (
			);
			inputPaths = (
				"${PODS_PODFILE_DIR_PATH}/Podfile.lock",
				"${PODS_ROOT}/Manifest.lock",
			);
			name = "[CP] Check Pods Manifest.lock";
			outputFileListPaths = (
			);
			outputPaths = (
				"$(DERIVED_FILE_DIR)/Pods-calcloan-tvOS-checkManifestLockResult.txt",
			);
			runOnlyForDeploymentPostprocessing = 0;
			shellPath = /bin/sh;
			shellScript = "diff \"${PODS_PODFILE_DIR_PATH}/Podfile.lock\" \"${PODS_ROOT}/Manifest.lock\" > /dev/null\nif [ $? != 0 ] ; then\n    # print error to STDERR\n    echo \"error: The sandbox is not in sync with the Podfile.lock. Run 'pod install' or update your CocoaPods installation.\" >&2\n    exit 1\nfi\n# This output is used by Xcode 'outputs' to avoid re-running this script phase.\necho \"SUCCESS\" > \"${SCRIPT_OUTPUT_FILE_0}\"\n";
			showEnvVarsInLog = 0;
		};
		BA02DD118C4BFD9C5653EA6C /* [CP] Copy Pods Resources */ = {
			isa = PBXShellScriptBuildPhase;
			buildActionMask = 2147483647;
			files = (
			);
			inputPaths = (
				"${PODS_ROOT}/Target Support Files/Pods-calcloan-calcloanTests/Pods-calcloan-calcloanTests-resources.sh",
				"${PODS_ROOT}/../../node_modules/react-native-vector-icons/Fonts/AntDesign.ttf",
				"${PODS_ROOT}/../../node_modules/react-native-vector-icons/Fonts/Entypo.ttf",
				"${PODS_ROOT}/../../node_modules/react-native-vector-icons/Fonts/EvilIcons.ttf",
				"${PODS_ROOT}/../../node_modules/react-native-vector-icons/Fonts/Feather.ttf",
				"${PODS_ROOT}/../../node_modules/react-native-vector-icons/Fonts/FontAwesome.ttf",
				"${PODS_ROOT}/../../node_modules/react-native-vector-icons/Fonts/FontAwesome5_Brands.ttf",
				"${PODS_ROOT}/../../node_modules/react-native-vector-icons/Fonts/FontAwesome5_Regular.ttf",
				"${PODS_ROOT}/../../node_modules/react-native-vector-icons/Fonts/FontAwesome5_Solid.ttf",
				"${PODS_ROOT}/../../node_modules/react-native-vector-icons/Fonts/Fontisto.ttf",
				"${PODS_ROOT}/../../node_modules/react-native-vector-icons/Fonts/Foundation.ttf",
				"${PODS_ROOT}/../../node_modules/react-native-vector-icons/Fonts/Ionicons.ttf",
				"${PODS_ROOT}/../../node_modules/react-native-vector-icons/Fonts/MaterialCommunityIcons.ttf",
				"${PODS_ROOT}/../../node_modules/react-native-vector-icons/Fonts/MaterialIcons.ttf",
				"${PODS_ROOT}/../../node_modules/react-native-vector-icons/Fonts/Octicons.ttf",
				"${PODS_ROOT}/../../node_modules/react-native-vector-icons/Fonts/SimpleLineIcons.ttf",
				"${PODS_ROOT}/../../node_modules/react-native-vector-icons/Fonts/Zocial.ttf",
				"${PODS_CONFIGURATION_BUILD_DIR}/React-Core/AccessibilityResources.bundle",
			);
			name = "[CP] Copy Pods Resources";
			outputPaths = (
				"${TARGET_BUILD_DIR}/${UNLOCALIZED_RESOURCES_FOLDER_PATH}/AntDesign.ttf",
				"${TARGET_BUILD_DIR}/${UNLOCALIZED_RESOURCES_FOLDER_PATH}/Entypo.ttf",
				"${TARGET_BUILD_DIR}/${UNLOCALIZED_RESOURCES_FOLDER_PATH}/EvilIcons.ttf",
				"${TARGET_BUILD_DIR}/${UNLOCALIZED_RESOURCES_FOLDER_PATH}/Feather.ttf",
				"${TARGET_BUILD_DIR}/${UNLOCALIZED_RESOURCES_FOLDER_PATH}/FontAwesome.ttf",
				"${TARGET_BUILD_DIR}/${UNLOCALIZED_RESOURCES_FOLDER_PATH}/FontAwesome5_Brands.ttf",
				"${TARGET_BUILD_DIR}/${UNLOCALIZED_RESOURCES_FOLDER_PATH}/FontAwesome5_Regular.ttf",
				"${TARGET_BUILD_DIR}/${UNLOCALIZED_RESOURCES_FOLDER_PATH}/FontAwesome5_Solid.ttf",
				"${TARGET_BUILD_DIR}/${UNLOCALIZED_RESOURCES_FOLDER_PATH}/Fontisto.ttf",
				"${TARGET_BUILD_DIR}/${UNLOCALIZED_RESOURCES_FOLDER_PATH}/Foundation.ttf",
				"${TARGET_BUILD_DIR}/${UNLOCALIZED_RESOURCES_FOLDER_PATH}/Ionicons.ttf",
				"${TARGET_BUILD_DIR}/${UNLOCALIZED_RESOURCES_FOLDER_PATH}/MaterialCommunityIcons.ttf",
				"${TARGET_BUILD_DIR}/${UNLOCALIZED_RESOURCES_FOLDER_PATH}/MaterialIcons.ttf",
				"${TARGET_BUILD_DIR}/${UNLOCALIZED_RESOURCES_FOLDER_PATH}/Octicons.ttf",
				"${TARGET_BUILD_DIR}/${UNLOCALIZED_RESOURCES_FOLDER_PATH}/SimpleLineIcons.ttf",
				"${TARGET_BUILD_DIR}/${UNLOCALIZED_RESOURCES_FOLDER_PATH}/Zocial.ttf",
				"${TARGET_BUILD_DIR}/${UNLOCALIZED_RESOURCES_FOLDER_PATH}/AccessibilityResources.bundle",
			);
			runOnlyForDeploymentPostprocessing = 0;
			shellPath = /bin/sh;
			shellScript = "\"${PODS_ROOT}/Target Support Files/Pods-calcloan-calcloanTests/Pods-calcloan-calcloanTests-resources.sh\"\n";
			showEnvVarsInLog = 0;
		};
		FD10A7F022414F080027D42C /* Start Packager */ = {
			isa = PBXShellScriptBuildPhase;
			buildActionMask = 2147483647;
			files = (
			);
			inputFileListPaths = (
			);
			inputPaths = (
			);
			name = "Start Packager";
			outputFileListPaths = (
			);
			outputPaths = (
			);
			runOnlyForDeploymentPostprocessing = 0;
			shellPath = /bin/sh;
			shellScript = "export RCT_METRO_PORT=\"${RCT_METRO_PORT:=8081}\"\necho \"export RCT_METRO_PORT=${RCT_METRO_PORT}\" > \"${SRCROOT}/../node_modules/react-native/scripts/.packager.env\"\nif [ -z \"${RCT_NO_LAUNCH_PACKAGER+xxx}\" ] ; then\n  if nc -w 5 -z localhost ${RCT_METRO_PORT} ; then\n    if ! curl -s \"http://localhost:${RCT_METRO_PORT}/status\" | grep -q \"packager-status:running\" ; then\n      echo \"Port ${RCT_METRO_PORT} already in use, packager is either not running or not running correctly\"\n      exit 2\n    fi\n  else\n    open \"$SRCROOT/../node_modules/react-native/scripts/launchPackager.command\" || echo \"Can't start packager automatically\"\n  fi\nfi\n";
			showEnvVarsInLog = 0;
		};
		FD10A7F122414F3F0027D42C /* Start Packager */ = {
			isa = PBXShellScriptBuildPhase;
			buildActionMask = 2147483647;
			files = (
			);
			inputFileListPaths = (
			);
			inputPaths = (
			);
			name = "Start Packager";
			outputFileListPaths = (
			);
			outputPaths = (
			);
			runOnlyForDeploymentPostprocessing = 0;
			shellPath = /bin/sh;
			shellScript = "export RCT_METRO_PORT=\"${RCT_METRO_PORT:=8081}\"\necho \"export RCT_METRO_PORT=${RCT_METRO_PORT}\" > \"${SRCROOT}/../node_modules/react-native/scripts/.packager.env\"\nif [ -z \"${RCT_NO_LAUNCH_PACKAGER+xxx}\" ] ; then\n  if nc -w 5 -z localhost ${RCT_METRO_PORT} ; then\n    if ! curl -s \"http://localhost:${RCT_METRO_PORT}/status\" | grep -q \"packager-status:running\" ; then\n      echo \"Port ${RCT_METRO_PORT} already in use, packager is either not running or not running correctly\"\n      exit 2\n    fi\n  else\n    open \"$SRCROOT/../node_modules/react-native/scripts/launchPackager.command\" || echo \"Can't start packager automatically\"\n  fi\nfi\n";
			showEnvVarsInLog = 0;
		};
/* End PBXShellScriptBuildPhase section */

/* Begin PBXSourcesBuildPhase section */
		00E356EA1AD99517003FC87E /* Sources */ = {
			isa = PBXSourcesBuildPhase;
			buildActionMask = 2147483647;
			files = (
				00E356F31AD99517003FC87E /* calcloanTests.m in Sources */,
			);
			runOnlyForDeploymentPostprocessing = 0;
		};
		13B07F871A680F5B00A75B9A /* Sources */ = {
			isa = PBXSourcesBuildPhase;
			buildActionMask = 2147483647;
			files = (
				13B07FBC1A68108700A75B9A /* AppDelegate.m in Sources */,
				50AB029825F49EBB0058D089 /* File.swift in Sources */,
				13B07FC11A68108700A75B9A /* main.m in Sources */,
			);
			runOnlyForDeploymentPostprocessing = 0;
		};
		2D02E4771E0B4A5D006451C7 /* Sources */ = {
			isa = PBXSourcesBuildPhase;
			buildActionMask = 2147483647;
			files = (
				2D02E4BF1E0B4AB3006451C7 /* main.m in Sources */,
				2D02E4BC1E0B4A80006451C7 /* AppDelegate.m in Sources */,
			);
			runOnlyForDeploymentPostprocessing = 0;
		};
		2D02E48C1E0B4A5D006451C7 /* Sources */ = {
			isa = PBXSourcesBuildPhase;
			buildActionMask = 2147483647;
			files = (
				2DCD954D1E0B4F2C00145EB5 /* calcloanTests.m in Sources */,
			);
			runOnlyForDeploymentPostprocessing = 0;
		};
/* End PBXSourcesBuildPhase section */

/* Begin PBXTargetDependency section */
		00E356F51AD99517003FC87E /* PBXTargetDependency */ = {
			isa = PBXTargetDependency;
			target = 13B07F861A680F5B00A75B9A /* calcloan */;
			targetProxy = 00E356F41AD99517003FC87E /* PBXContainerItemProxy */;
		};
		2D02E4921E0B4A5D006451C7 /* PBXTargetDependency */ = {
			isa = PBXTargetDependency;
			target = 2D02E47A1E0B4A5D006451C7 /* calcloan-tvOS */;
			targetProxy = 2D02E4911E0B4A5D006451C7 /* PBXContainerItemProxy */;
		};
/* End PBXTargetDependency section */

/* Begin XCBuildConfiguration section */
		00E356F61AD99517003FC87E /* Debug */ = {
			isa = XCBuildConfiguration;
			baseConfigurationReference = 5E393B45183194C032FFB394 /* Pods-calcloan-calcloanTests.debug.xcconfig */;
			buildSettings = {
				ALWAYS_EMBED_SWIFT_STANDARD_LIBRARIES = YES;
				BUNDLE_LOADER = "$(TEST_HOST)";
				GCC_PREPROCESSOR_DEFINITIONS = (
					"DEBUG=1",
					"$(inherited)",
				);
				INFOPLIST_FILE = calcloanTests/Info.plist;
				IPHONEOS_DEPLOYMENT_TARGET = 10.0;
				LD_RUNPATH_SEARCH_PATHS = "$(inherited) @executable_path/Frameworks @loader_path/Frameworks";
				OTHER_LDFLAGS = (
					"-ObjC",
					"-lc++",
					"$(inherited)",
				);
				PRODUCT_BUNDLE_IDENTIFIER = "org.reactjs.native.example.$(PRODUCT_NAME:rfc1034identifier)";
				PRODUCT_NAME = "$(TARGET_NAME)";
				TEST_HOST = "$(BUILT_PRODUCTS_DIR)/calcloan.app/calcloan";
			};
			name = Debug;
		};
		00E356F71AD99517003FC87E /* Release */ = {
			isa = XCBuildConfiguration;
			baseConfigurationReference = 4F7F688BF26DD6ED9D87EEF8 /* Pods-calcloan-calcloanTests.release.xcconfig */;
			buildSettings = {
				ALWAYS_EMBED_SWIFT_STANDARD_LIBRARIES = YES;
				BUNDLE_LOADER = "$(TEST_HOST)";
				COPY_PHASE_STRIP = NO;
				INFOPLIST_FILE = calcloanTests/Info.plist;
				IPHONEOS_DEPLOYMENT_TARGET = 10.0;
				LD_RUNPATH_SEARCH_PATHS = "$(inherited) @executable_path/Frameworks @loader_path/Frameworks";
				OTHER_LDFLAGS = (
					"-ObjC",
					"-lc++",
					"$(inherited)",
				);
				PRODUCT_BUNDLE_IDENTIFIER = "org.reactjs.native.example.$(PRODUCT_NAME:rfc1034identifier)";
				PRODUCT_NAME = "$(TARGET_NAME)";
				TEST_HOST = "$(BUILT_PRODUCTS_DIR)/calcloan.app/calcloan";
			};
			name = Release;
		};
		13B07F941A680F5B00A75B9A /* Debug */ = {
			isa = XCBuildConfiguration;
			baseConfigurationReference = 3433CAE4BBC8723BDA139E76 /* Pods-calcloan.debug.xcconfig */;
			buildSettings = {
				ASSETCATALOG_COMPILER_APPICON_NAME = AppIcon;
				CLANG_ENABLE_MODULES = YES;
				CURRENT_PROJECT_VERSION = 2;
				DEVELOPMENT_TEAM = 8QAQD2K3S3;
				ENABLE_BITCODE = NO;
				INFOPLIST_FILE = calcloan/Info.plist;
				LD_RUNPATH_SEARCH_PATHS = "$(inherited) @executable_path/Frameworks";
				MARKETING_VERSION = 5.0;
				OTHER_LDFLAGS = (
					"$(inherited)",
					"-ObjC",
					"-lc++",
				);
				PRODUCT_BUNDLE_IDENTIFIER = com.ideasowners.loanappkw;
				PRODUCT_NAME = calcloan;
				SWIFT_OBJC_BRIDGING_HEADER = "calcloan-Bridging-Header.h";
				SWIFT_OPTIMIZATION_LEVEL = "-Onone";
				SWIFT_VERSION = 5.0;
				VERSIONING_SYSTEM = "apple-generic";
			};
			name = Debug;
		};
		13B07F951A680F5B00A75B9A /* Release */ = {
			isa = XCBuildConfiguration;
			baseConfigurationReference = 9BEAC07FCD877B52F4ADEB27 /* Pods-calcloan.release.xcconfig */;
			buildSettings = {
				ASSETCATALOG_COMPILER_APPICON_NAME = AppIcon;
				CLANG_ENABLE_MODULES = YES;
				CURRENT_PROJECT_VERSION = 2;
				DEVELOPMENT_TEAM = 8QAQD2K3S3;
				INFOPLIST_FILE = calcloan/Info.plist;
				LD_RUNPATH_SEARCH_PATHS = "$(inherited) @executable_path/Frameworks";
				MARKETING_VERSION = 5.0;
				ONLY_ACTIVE_ARCH = YES;
				OTHER_LDFLAGS = (
					"$(inherited)",
					"-ObjC",
					"-lc++",
				);
				PRODUCT_BUNDLE_IDENTIFIER = com.ideasowners.loanappkw;
				PRODUCT_NAME = calcloan;
				SWIFT_OBJC_BRIDGING_HEADER = "calcloan-Bridging-Header.h";
				SWIFT_VERSION = 5.0;
				VERSIONING_SYSTEM = "apple-generic";
			};
			name = Release;
		};
		2D02E4971E0B4A5E006451C7 /* Debug */ = {
			isa = XCBuildConfiguration;
			baseConfigurationReference = 033ED8BFE5BA8ADC93DE19C1 /* Pods-calcloan-tvOS.debug.xcconfig */;
			buildSettings = {
				ASSETCATALOG_COMPILER_APPICON_NAME = "App Icon & Top Shelf Image";
				ASSETCATALOG_COMPILER_LAUNCHIMAGE_NAME = LaunchImage;
				CLANG_ANALYZER_NONNULL = YES;
				CLANG_WARN_DOCUMENTATION_COMMENTS = YES;
				CLANG_WARN_INFINITE_RECURSION = YES;
				CLANG_WARN_SUSPICIOUS_MOVE = YES;
				DEBUG_INFORMATION_FORMAT = dwarf;
				ENABLE_TESTABILITY = YES;
				GCC_NO_COMMON_BLOCKS = YES;
				INFOPLIST_FILE = "calcloan-tvOS/Info.plist";
				LD_RUNPATH_SEARCH_PATHS = "$(inherited) @executable_path/Frameworks";
				OTHER_LDFLAGS = (
					"$(inherited)",
					"-ObjC",
					"-lc++",
				);
				PRODUCT_BUNDLE_IDENTIFIER = "org.reactjs.native.example.calcloan-tvOS";
				PRODUCT_NAME = "$(TARGET_NAME)";
				SDKROOT = appletvos;
				TARGETED_DEVICE_FAMILY = 3;
				TVOS_DEPLOYMENT_TARGET = 10.0;
			};
			name = Debug;
		};
		2D02E4981E0B4A5E006451C7 /* Release */ = {
			isa = XCBuildConfiguration;
			baseConfigurationReference = 301C9C8EC730E1ABB8663B39 /* Pods-calcloan-tvOS.release.xcconfig */;
			buildSettings = {
				ASSETCATALOG_COMPILER_APPICON_NAME = "App Icon & Top Shelf Image";
				ASSETCATALOG_COMPILER_LAUNCHIMAGE_NAME = LaunchImage;
				CLANG_ANALYZER_NONNULL = YES;
				CLANG_WARN_DOCUMENTATION_COMMENTS = YES;
				CLANG_WARN_INFINITE_RECURSION = YES;
				CLANG_WARN_SUSPICIOUS_MOVE = YES;
				COPY_PHASE_STRIP = NO;
				DEBUG_INFORMATION_FORMAT = "dwarf-with-dsym";
				GCC_NO_COMMON_BLOCKS = YES;
				INFOPLIST_FILE = "calcloan-tvOS/Info.plist";
				LD_RUNPATH_SEARCH_PATHS = "$(inherited) @executable_path/Frameworks";
				OTHER_LDFLAGS = (
					"$(inherited)",
					"-ObjC",
					"-lc++",
				);
				PRODUCT_BUNDLE_IDENTIFIER = "org.reactjs.native.example.calcloan-tvOS";
				PRODUCT_NAME = "$(TARGET_NAME)";
				SDKROOT = appletvos;
				TARGETED_DEVICE_FAMILY = 3;
				TVOS_DEPLOYMENT_TARGET = 10.0;
			};
			name = Release;
		};
		2D02E4991E0B4A5E006451C7 /* Debug */ = {
			isa = XCBuildConfiguration;
			baseConfigurationReference = 6CFECE45D6C1E98C639C38E5 /* Pods-calcloan-tvOSTests.debug.xcconfig */;
			buildSettings = {
				BUNDLE_LOADER = "$(TEST_HOST)";
				CLANG_ANALYZER_NONNULL = YES;
				CLANG_WARN_DOCUMENTATION_COMMENTS = YES;
				CLANG_WARN_INFINITE_RECURSION = YES;
				CLANG_WARN_SUSPICIOUS_MOVE = YES;
				DEBUG_INFORMATION_FORMAT = dwarf;
				ENABLE_TESTABILITY = YES;
				GCC_NO_COMMON_BLOCKS = YES;
				INFOPLIST_FILE = "calcloan-tvOSTests/Info.plist";
				LD_RUNPATH_SEARCH_PATHS = "$(inherited) @executable_path/Frameworks @loader_path/Frameworks";
				OTHER_LDFLAGS = (
					"$(inherited)",
					"-ObjC",
					"-lc++",
				);
				PRODUCT_BUNDLE_IDENTIFIER = "org.reactjs.native.example.calcloan-tvOSTests";
				PRODUCT_NAME = "$(TARGET_NAME)";
				SDKROOT = appletvos;
				TEST_HOST = "$(BUILT_PRODUCTS_DIR)/calcloan-tvOS.app/calcloan-tvOS";
				TVOS_DEPLOYMENT_TARGET = 10.1;
			};
			name = Debug;
		};
		2D02E49A1E0B4A5E006451C7 /* Release */ = {
			isa = XCBuildConfiguration;
			baseConfigurationReference = 9A5D6825D2F989DACF3101AF /* Pods-calcloan-tvOSTests.release.xcconfig */;
			buildSettings = {
				BUNDLE_LOADER = "$(TEST_HOST)";
				CLANG_ANALYZER_NONNULL = YES;
				CLANG_WARN_DOCUMENTATION_COMMENTS = YES;
				CLANG_WARN_INFINITE_RECURSION = YES;
				CLANG_WARN_SUSPICIOUS_MOVE = YES;
				COPY_PHASE_STRIP = NO;
				DEBUG_INFORMATION_FORMAT = "dwarf-with-dsym";
				GCC_NO_COMMON_BLOCKS = YES;
				INFOPLIST_FILE = "calcloan-tvOSTests/Info.plist";
				LD_RUNPATH_SEARCH_PATHS = "$(inherited) @executable_path/Frameworks @loader_path/Frameworks";
				OTHER_LDFLAGS = (
					"$(inherited)",
					"-ObjC",
					"-lc++",
				);
				PRODUCT_BUNDLE_IDENTIFIER = "org.reactjs.native.example.calcloan-tvOSTests";
				PRODUCT_NAME = "$(TARGET_NAME)";
				SDKROOT = appletvos;
				TEST_HOST = "$(BUILT_PRODUCTS_DIR)/calcloan-tvOS.app/calcloan-tvOS";
				TVOS_DEPLOYMENT_TARGET = 10.1;
			};
			name = Release;
		};
		83CBBA201A601CBA00E9B192 /* Debug */ = {
			isa = XCBuildConfiguration;
			buildSettings = {
				ALWAYS_SEARCH_USER_PATHS = NO;
				CLANG_ANALYZER_LOCALIZABILITY_NONLOCALIZED = YES;
				CLANG_CXX_LANGUAGE_STANDARD = "gnu++0x";
				CLANG_CXX_LIBRARY = "libc++";
				CLANG_ENABLE_MODULES = YES;
				CLANG_ENABLE_OBJC_ARC = YES;
				CLANG_WARN_BLOCK_CAPTURE_AUTORELEASING = YES;
				CLANG_WARN_BOOL_CONVERSION = YES;
				CLANG_WARN_COMMA = YES;
				CLANG_WARN_CONSTANT_CONVERSION = YES;
				CLANG_WARN_DEPRECATED_OBJC_IMPLEMENTATIONS = YES;
				CLANG_WARN_DIRECT_OBJC_ISA_USAGE = YES_ERROR;
				CLANG_WARN_EMPTY_BODY = YES;
				CLANG_WARN_ENUM_CONVERSION = YES;
				CLANG_WARN_INFINITE_RECURSION = YES;
				CLANG_WARN_INT_CONVERSION = YES;
				CLANG_WARN_NON_LITERAL_NULL_CONVERSION = YES;
				CLANG_WARN_OBJC_IMPLICIT_RETAIN_SELF = YES;
				CLANG_WARN_OBJC_LITERAL_CONVERSION = YES;
				CLANG_WARN_OBJC_ROOT_CLASS = YES_ERROR;
				CLANG_WARN_RANGE_LOOP_ANALYSIS = YES;
				CLANG_WARN_STRICT_PROTOTYPES = YES;
				CLANG_WARN_SUSPICIOUS_MOVE = YES;
				CLANG_WARN_UNREACHABLE_CODE = YES;
				CLANG_WARN__DUPLICATE_METHOD_MATCH = YES;
				"CODE_SIGN_IDENTITY[sdk=iphoneos*]" = "iPhone Developer";
				COPY_PHASE_STRIP = NO;
				ENABLE_STRICT_OBJC_MSGSEND = YES;
				ENABLE_TESTABILITY = YES;
				GCC_C_LANGUAGE_STANDARD = gnu99;
				GCC_DYNAMIC_NO_PIC = NO;
				GCC_NO_COMMON_BLOCKS = YES;
				GCC_OPTIMIZATION_LEVEL = 0;
				GCC_PREPROCESSOR_DEFINITIONS = (
					"DEBUG=1",
					"$(inherited)",
				);
				GCC_SYMBOLS_PRIVATE_EXTERN = NO;
				GCC_WARN_64_TO_32_BIT_CONVERSION = YES;
				GCC_WARN_ABOUT_RETURN_TYPE = YES_ERROR;
				GCC_WARN_UNDECLARED_SELECTOR = YES;
				GCC_WARN_UNINITIALIZED_AUTOS = YES_AGGRESSIVE;
				GCC_WARN_UNUSED_FUNCTION = YES;
				GCC_WARN_UNUSED_VARIABLE = YES;
				IPHONEOS_DEPLOYMENT_TARGET = 10.0;
				LD_RUNPATH_SEARCH_PATHS = "/usr/lib/swift $(inherited)";
				LIBRARY_SEARCH_PATHS = (
					"\"$(TOOLCHAIN_DIR)/usr/lib/swift/$(PLATFORM_NAME)\"",
					"\"$(TOOLCHAIN_DIR)/usr/lib/swift-5.0/$(PLATFORM_NAME)\"",
					"\"$(inherited)\"",
				);
				MTL_ENABLE_DEBUG_INFO = YES;
				ONLY_ACTIVE_ARCH = YES;
				SDKROOT = iphoneos;
			};
			name = Debug;
		};
		83CBBA211A601CBA00E9B192 /* Release */ = {
			isa = XCBuildConfiguration;
			buildSettings = {
				ALWAYS_SEARCH_USER_PATHS = NO;
				CLANG_ANALYZER_LOCALIZABILITY_NONLOCALIZED = YES;
				CLANG_CXX_LANGUAGE_STANDARD = "gnu++0x";
				CLANG_CXX_LIBRARY = "libc++";
				CLANG_ENABLE_MODULES = YES;
				CLANG_ENABLE_OBJC_ARC = YES;
				CLANG_WARN_BLOCK_CAPTURE_AUTORELEASING = YES;
				CLANG_WARN_BOOL_CONVERSION = YES;
				CLANG_WARN_COMMA = YES;
				CLANG_WARN_CONSTANT_CONVERSION = YES;
				CLANG_WARN_DEPRECATED_OBJC_IMPLEMENTATIONS = YES;
				CLANG_WARN_DIRECT_OBJC_ISA_USAGE = YES_ERROR;
				CLANG_WARN_EMPTY_BODY = YES;
				CLANG_WARN_ENUM_CONVERSION = YES;
				CLANG_WARN_INFINITE_RECURSION = YES;
				CLANG_WARN_INT_CONVERSION = YES;
				CLANG_WARN_NON_LITERAL_NULL_CONVERSION = YES;
				CLANG_WARN_OBJC_IMPLICIT_RETAIN_SELF = YES;
				CLANG_WARN_OBJC_LITERAL_CONVERSION = YES;
				CLANG_WARN_OBJC_ROOT_CLASS = YES_ERROR;
				CLANG_WARN_RANGE_LOOP_ANALYSIS = YES;
				CLANG_WARN_STRICT_PROTOTYPES = YES;
				CLANG_WARN_SUSPICIOUS_MOVE = YES;
				CLANG_WARN_UNREACHABLE_CODE = YES;
				CLANG_WARN__DUPLICATE_METHOD_MATCH = YES;
				"CODE_SIGN_IDENTITY[sdk=iphoneos*]" = "iPhone Developer";
				COPY_PHASE_STRIP = YES;
				ENABLE_NS_ASSERTIONS = NO;
				ENABLE_STRICT_OBJC_MSGSEND = YES;
				GCC_C_LANGUAGE_STANDARD = gnu99;
				GCC_NO_COMMON_BLOCKS = YES;
				GCC_WARN_64_TO_32_BIT_CONVERSION = YES;
				GCC_WARN_ABOUT_RETURN_TYPE = YES_ERROR;
				GCC_WARN_UNDECLARED_SELECTOR = YES;
				GCC_WARN_UNINITIALIZED_AUTOS = YES_AGGRESSIVE;
				GCC_WARN_UNUSED_FUNCTION = YES;
				GCC_WARN_UNUSED_VARIABLE = YES;
				IPHONEOS_DEPLOYMENT_TARGET = 10.0;
				LD_RUNPATH_SEARCH_PATHS = "/usr/lib/swift $(inherited)";
				LIBRARY_SEARCH_PATHS = (
					"\"$(TOOLCHAIN_DIR)/usr/lib/swift/$(PLATFORM_NAME)\"",
					"\"$(TOOLCHAIN_DIR)/usr/lib/swift-5.0/$(PLATFORM_NAME)\"",
					"\"$(inherited)\"",
				);
				MTL_ENABLE_DEBUG_INFO = NO;
				SDKROOT = iphoneos;
				VALIDATE_PRODUCT = YES;
			};
			name = Release;
		};
/* End XCBuildConfiguration section */

/* Begin XCConfigurationList section */
		00E357021AD99517003FC87E /* Build configuration list for PBXNativeTarget "calcloanTests" */ = {
			isa = XCConfigurationList;
			buildConfigurations = (
				00E356F61AD99517003FC87E /* Debug */,
				00E356F71AD99517003FC87E /* Release */,
			);
			defaultConfigurationIsVisible = 0;
			defaultConfigurationName = Release;
		};
		13B07F931A680F5B00A75B9A /* Build configuration list for PBXNativeTarget "calcloan" */ = {
			isa = XCConfigurationList;
			buildConfigurations = (
				13B07F941A680F5B00A75B9A /* Debug */,
				13B07F951A680F5B00A75B9A /* Release */,
			);
			defaultConfigurationIsVisible = 0;
			defaultConfigurationName = Release;
		};
		2D02E4BA1E0B4A5E006451C7 /* Build configuration list for PBXNativeTarget "calcloan-tvOS" */ = {
			isa = XCConfigurationList;
			buildConfigurations = (
				2D02E4971E0B4A5E006451C7 /* Debug */,
				2D02E4981E0B4A5E006451C7 /* Release */,
			);
			defaultConfigurationIsVisible = 0;
			defaultConfigurationName = Release;
		};
		2D02E4BB1E0B4A5E006451C7 /* Build configuration list for PBXNativeTarget "calcloan-tvOSTests" */ = {
			isa = XCConfigurationList;
			buildConfigurations = (
				2D02E4991E0B4A5E006451C7 /* Debug */,
				2D02E49A1E0B4A5E006451C7 /* Release */,
			);
			defaultConfigurationIsVisible = 0;
			defaultConfigurationName = Release;
		};
		83CBB9FA1A601CBA00E9B192 /* Build configuration list for PBXProject "calcloan" */ = {
			isa = XCConfigurationList;
			buildConfigurations = (
				83CBBA201A601CBA00E9B192 /* Debug */,
				83CBBA211A601CBA00E9B192 /* Release */,
			);
			defaultConfigurationIsVisible = 0;
			defaultConfigurationName = Release;
		};
/* End XCConfigurationList section */
	};
	rootObject = 83CBB9F71A601CBA00E9B192 /* Project object */;
}
